// !$*UTF8*$!
{
	archiveVersion = 1;
	classes = {
	};
	objectVersion = 46;
	objects = {

/* Begin PBXBuildFile section */
		B60B26AF18FBA5300092BDAC /* NSMutableArray+SWUtilityButtons.m in Sources */ = {isa = PBXBuildFile; fileRef = B60B26A318FBA5300092BDAC /* NSMutableArray+SWUtilityButtons.m */; };
		B60B26B018FBA5300092BDAC /* SWCellScrollView.m in Sources */ = {isa = PBXBuildFile; fileRef = B60B26A518FBA5300092BDAC /* SWCellScrollView.m */; };
		B60B26B118FBA5300092BDAC /* SWLongPressGestureRecognizer.m in Sources */ = {isa = PBXBuildFile; fileRef = B60B26A818FBA5300092BDAC /* SWLongPressGestureRecognizer.m */; };
		B60B26B218FBA5300092BDAC /* SWTableViewCell.m in Sources */ = {isa = PBXBuildFile; fileRef = B60B26AA18FBA5300092BDAC /* SWTableViewCell.m */; };
		B60B26B318FBA5300092BDAC /* SWUtilityButtonTapGestureRecognizer.m in Sources */ = {isa = PBXBuildFile; fileRef = B60B26AC18FBA5300092BDAC /* SWUtilityButtonTapGestureRecognizer.m */; };
		B60B26B418FBA5300092BDAC /* SWUtilityButtonView.m in Sources */ = {isa = PBXBuildFile; fileRef = B60B26AE18FBA5300092BDAC /* SWUtilityButtonView.m */; };
		B60B26B618FBA9C80092BDAC /* ReminderViewCell.xib in Resources */ = {isa = PBXBuildFile; fileRef = B60B26B518FBA9C80092BDAC /* ReminderViewCell.xib */; };
		B6291A6D18E553FF00B9B09D /* CommonActionSheet.m in Sources */ = {isa = PBXBuildFile; fileRef = B6291A6A18E553FF00B9B09D /* CommonActionSheet.m */; };
		B6291A6E18E553FF00B9B09D /* LXActionSheet.m in Sources */ = {isa = PBXBuildFile; fileRef = B6291A6C18E553FF00B9B09D /* LXActionSheet.m */; };
		B6291A7318E5645000B9B09D /* AVOSCloud.framework in Frameworks */ = {isa = PBXBuildFile; fileRef = B6291A7218E5645000B9B09D /* AVOSCloud.framework */; };
		B6291A7718E565A100B9B09D /* MenuViewController.m in Sources */ = {isa = PBXBuildFile; fileRef = B6291A7618E565A100B9B09D /* MenuViewController.m */; };
		B6291A7A18E914C300B9B09D /* MenuTableViewCell.m in Sources */ = {isa = PBXBuildFile; fileRef = B6291A7918E914C300B9B09D /* MenuTableViewCell.m */; };
		B6291A8E18E93F1300B9B09D /* PopView.m in Sources */ = {isa = PBXBuildFile; fileRef = B6291A8D18E93F1300B9B09D /* PopView.m */; };
		B6291A9418E94FE900B9B09D /* SaveVersionViewController.m in Sources */ = {isa = PBXBuildFile; fileRef = B6291A9318E94FE900B9B09D /* SaveVersionViewController.m */; };
		B6291A9818E952BA00B9B09D /* MBProgressHUD.m in Sources */ = {isa = PBXBuildFile; fileRef = B6291A9718E952BA00B9B09D /* MBProgressHUD.m */; };
		B6291AA318E95BAA00B9B09D /* SaveVersion.xib in Resources */ = {isa = PBXBuildFile; fileRef = B6291AA218E95BAA00B9B09D /* SaveVersion.xib */; };
		B631F14818ED08F400B488E0 /* FeedbacksViewController.m in Sources */ = {isa = PBXBuildFile; fileRef = B631F14718ED08F400B488E0 /* FeedbacksViewController.m */; };
		B631F14D18ED2E9100B488E0 /* ReminderViewController.m in Sources */ = {isa = PBXBuildFile; fileRef = B631F14C18ED2E9100B488E0 /* ReminderViewController.m */; };
		B631F15018ED416000B488E0 /* ReminderDetailedViewController.m in Sources */ = {isa = PBXBuildFile; fileRef = B631F14F18ED416000B488E0 /* ReminderDetailedViewController.m */; };
		B63FD4C618EA552D00A73254 /* LocalVersion.m in Sources */ = {isa = PBXBuildFile; fileRef = B63FD4C518EA552D00A73254 /* LocalVersion.m */; };
		B63FD4DE18EA9C7700A73254 /* JSONKit.m in Sources */ = {isa = PBXBuildFile; fileRef = B63FD4DD18EA9C7700A73254 /* JSONKit.m */; settings = {COMPILER_FLAGS = "-fno-objc-arc"; }; };
		B63FD4E118EAA2B200A73254 /* RevertVersionViewController.m in Sources */ = {isa = PBXBuildFile; fileRef = B63FD4E018EAA2B200A73254 /* RevertVersionViewController.m */; };
		B63FD4E518EAA3D800A73254 /* RevertVersionTableViewCell.m in Sources */ = {isa = PBXBuildFile; fileRef = B63FD4E318EAA3D800A73254 /* RevertVersionTableViewCell.m */; };
		B63FD4E618EAA3D800A73254 /* RevertVersionTableViewCell.xib in Resources */ = {isa = PBXBuildFile; fileRef = B63FD4E418EAA3D800A73254 /* RevertVersionTableViewCell.xib */; };
		B65CA2B718FE6A1400ECABC8 /* ChangPasswordViewController.m in Sources */ = {isa = PBXBuildFile; fileRef = B65CA2B618FE6A1400ECABC8 /* ChangPasswordViewController.m */; };
		B675584B18ECF5CB0093D6AB /* RevertNoteListViewController.m in Sources */ = {isa = PBXBuildFile; fileRef = B675584A18ECF5CB0093D6AB /* RevertNoteListViewController.m */; };
		B675584E18ECFE260093D6AB /* RevertNoteListDetailedViewController.m in Sources */ = {isa = PBXBuildFile; fileRef = B675584D18ECFE260093D6AB /* RevertNoteListDetailedViewController.m */; };
		B67C514118EE434700121C4C /* ReminderViewCell.m in Sources */ = {isa = PBXBuildFile; fileRef = B67C513F18EE434700121C4C /* ReminderViewCell.m */; };
		B67C514A18EE973C00121C4C /* ReminderHelper.m in Sources */ = {isa = PBXBuildFile; fileRef = B67C514918EE973C00121C4C /* ReminderHelper.m */; };
		B690055A18E4043D00870905 /* StateButton.m in Sources */ = {isa = PBXBuildFile; fileRef = B690055918E4043D00870905 /* StateButton.m */; };
		B690056418E41E7D00870905 /* NoteListNewCell.m in Sources */ = {isa = PBXBuildFile; fileRef = B690056318E41E7D00870905 /* NoteListNewCell.m */; };
		B69C177318FCC7F900981016 /* icon.png in Resources */ = {isa = PBXBuildFile; fileRef = B69C174518FCC7F900981016 /* icon.png */; };
		B69C177418FCC7F900981016 /* icon120.png in Resources */ = {isa = PBXBuildFile; fileRef = B69C174618FCC7F900981016 /* icon120.png */; };
		B69C177518FCC7F900981016 /* icon152.png in Resources */ = {isa = PBXBuildFile; fileRef = B69C174718FCC7F900981016 /* icon152.png */; };
		B69C177618FCC7F900981016 /* icon29.png in Resources */ = {isa = PBXBuildFile; fileRef = B69C174818FCC7F900981016 /* icon29.png */; };
		B69C177718FCC7F900981016 /* icon40.png in Resources */ = {isa = PBXBuildFile; fileRef = B69C174918FCC7F900981016 /* icon40.png */; };
		B69C177818FCC7F900981016 /* icon58.png in Resources */ = {isa = PBXBuildFile; fileRef = B69C174A18FCC7F900981016 /* icon58.png */; };
		B69C177918FCC7F900981016 /* icon76.png in Resources */ = {isa = PBXBuildFile; fileRef = B69C174B18FCC7F900981016 /* icon76.png */; };
		B69C177A18FCC7F900981016 /* icon80.png in Resources */ = {isa = PBXBuildFile; fileRef = B69C174C18FCC7F900981016 /* icon80.png */; };
		B69C177B18FCC7F900981016 /* back_bkg.png in Resources */ = {isa = PBXBuildFile; fileRef = B69C174E18FCC7F900981016 /* back_bkg.png */; };
		B69C177C18FCC7F900981016 /* back_bkg@2x.png in Resources */ = {isa = PBXBuildFile; fileRef = B69C174F18FCC7F900981016 /* back_bkg@2x.png */; };
		B69C177D18FCC7F900981016 /* back_bkg_HL.png in Resources */ = {isa = PBXBuildFile; fileRef = B69C175018FCC7F900981016 /* back_bkg_HL.png */; };
		B69C177E18FCC7F900981016 /* back_bkg_HL@2x.png in Resources */ = {isa = PBXBuildFile; fileRef = B69C175118FCC7F900981016 /* back_bkg_HL@2x.png */; };
		B69C177F18FCC7F900981016 /* btn_bkg.png in Resources */ = {isa = PBXBuildFile; fileRef = B69C175218FCC7F900981016 /* btn_bkg.png */; };
		B69C178018FCC7F900981016 /* btn_bkg@2x.png in Resources */ = {isa = PBXBuildFile; fileRef = B69C175318FCC7F900981016 /* btn_bkg@2x.png */; };
		B69C178118FCC7F900981016 /* btn_bkg_highlighted.png in Resources */ = {isa = PBXBuildFile; fileRef = B69C175418FCC7F900981016 /* btn_bkg_highlighted.png */; };
		B69C178218FCC7F900981016 /* btn_bkg_highlighted@2x.png in Resources */ = {isa = PBXBuildFile; fileRef = B69C175518FCC7F900981016 /* btn_bkg_highlighted@2x.png */; };
		B69C178318FCC7F900981016 /* delete.png in Resources */ = {isa = PBXBuildFile; fileRef = B69C175618FCC7F900981016 /* delete.png */; };
		B69C178418FCC7F900981016 /* delete@2x.png in Resources */ = {isa = PBXBuildFile; fileRef = B69C175718FCC7F900981016 /* delete@2x.png */; };
		B69C178518FCC7F900981016 /* navi_back.png in Resources */ = {isa = PBXBuildFile; fileRef = B69C175818FCC7F900981016 /* navi_back.png */; };
		B69C178618FCC7F900981016 /* navi_back@2x.png in Resources */ = {isa = PBXBuildFile; fileRef = B69C175918FCC7F900981016 /* navi_back@2x.png */; };
		B69C178718FCC7F900981016 /* navi_back_highlighted.png in Resources */ = {isa = PBXBuildFile; fileRef = B69C175A18FCC7F900981016 /* navi_back_highlighted.png */; };
		B69C178818FCC7F900981016 /* navi_back_highlighted@2x.png in Resources */ = {isa = PBXBuildFile; fileRef = B69C175B18FCC7F900981016 /* navi_back_highlighted@2x.png */; };
		B69C178918FCC7F900981016 /* red_dot.png in Resources */ = {isa = PBXBuildFile; fileRef = B69C175C18FCC7F900981016 /* red_dot.png */; };
		B69C178A18FCC7F900981016 /* red_dot@2x.png in Resources */ = {isa = PBXBuildFile; fileRef = B69C175D18FCC7F900981016 /* red_dot@2x.png */; };
		B69C178B18FCC7F900981016 /* right_arrow.png in Resources */ = {isa = PBXBuildFile; fileRef = B69C175E18FCC7F900981016 /* right_arrow.png */; };
		B69C178C18FCC7F900981016 /* right_arrow@2x.png in Resources */ = {isa = PBXBuildFile; fileRef = B69C175F18FCC7F900981016 /* right_arrow@2x.png */; };
		B69C178D18FCC7F900981016 /* right_arrow_HL.png in Resources */ = {isa = PBXBuildFile; fileRef = B69C176018FCC7F900981016 /* right_arrow_HL.png */; };
		B69C178E18FCC7F900981016 /* right_arrow_HL@2x.png in Resources */ = {isa = PBXBuildFile; fileRef = B69C176118FCC7F900981016 /* right_arrow_HL@2x.png */; };
		B69C178F18FCC7F900981016 /* close.png in Resources */ = {isa = PBXBuildFile; fileRef = B69C176318FCC7F900981016 /* close.png */; };
		B69C179018FCC7F900981016 /* close@2x.png in Resources */ = {isa = PBXBuildFile; fileRef = B69C176418FCC7F900981016 /* close@2x.png */; };
		B69C179118FCC7F900981016 /* close_HL.png in Resources */ = {isa = PBXBuildFile; fileRef = B69C176518FCC7F900981016 /* close_HL.png */; };
		B69C179218FCC7F900981016 /* close_HL@2x.png in Resources */ = {isa = PBXBuildFile; fileRef = B69C176618FCC7F900981016 /* close_HL@2x.png */; };
		B69C179318FCC7F900981016 /* note_cell_bkg.png in Resources */ = {isa = PBXBuildFile; fileRef = B69C176718FCC7F900981016 /* note_cell_bkg.png */; };
		B69C179418FCC7F900981016 /* note_cell_bkg@2x.png in Resources */ = {isa = PBXBuildFile; fileRef = B69C176818FCC7F900981016 /* note_cell_bkg@2x.png */; };
		B69C179518FCC7F900981016 /* password.png in Resources */ = {isa = PBXBuildFile; fileRef = B69C176A18FCC7F900981016 /* password.png */; };
		B69C179618FCC7F900981016 /* password@2x.png in Resources */ = {isa = PBXBuildFile; fileRef = B69C176B18FCC7F900981016 /* password@2x.png */; };
		B69C179718FCC7F900981016 /* password_highlighted.png in Resources */ = {isa = PBXBuildFile; fileRef = B69C176C18FCC7F900981016 /* password_highlighted.png */; };
		B69C179818FCC7F900981016 /* password_highlighted@2x.png in Resources */ = {isa = PBXBuildFile; fileRef = B69C176D18FCC7F900981016 /* password_highlighted@2x.png */; };
		B69C179918FCC7F900981016 /* version_btn_bkg.png in Resources */ = {isa = PBXBuildFile; fileRef = B69C176F18FCC7F900981016 /* version_btn_bkg.png */; };
		B69C179A18FCC7F900981016 /* version_btn_bkg@2x.png in Resources */ = {isa = PBXBuildFile; fileRef = B69C177018FCC7F900981016 /* version_btn_bkg@2x.png */; };
		B69C179B18FCC7F900981016 /* version_btn_bkg_HL.png in Resources */ = {isa = PBXBuildFile; fileRef = B69C177118FCC7F900981016 /* version_btn_bkg_HL.png */; };
		B69C179C18FCC7F900981016 /* version_btn_bkg_HL@2x.png in Resources */ = {isa = PBXBuildFile; fileRef = B69C177218FCC7F900981016 /* version_btn_bkg_HL@2x.png */; };
		B69C17A018FCD37B00981016 /* SettingViewController.m in Sources */ = {isa = PBXBuildFile; fileRef = B69C179F18FCD37B00981016 /* SettingViewController.m */; };
		B69C17A418FCD48000981016 /* SettingPasswordCell.m in Sources */ = {isa = PBXBuildFile; fileRef = B69C17A218FCD48000981016 /* SettingPasswordCell.m */; };
		B69C17A518FCD48000981016 /* SettingPasswordCell.xib in Resources */ = {isa = PBXBuildFile; fileRef = B69C17A318FCD48000981016 /* SettingPasswordCell.xib */; };
		B69C17B118FCD52900981016 /* SettingHelper.m in Sources */ = {isa = PBXBuildFile; fileRef = B69C17B018FCD52900981016 /* SettingHelper.m */; };
		B69C17B518FD02EE00981016 /* SettingFontSizeViewController.m in Sources */ = {isa = PBXBuildFile; fileRef = B69C17B418FD02EE00981016 /* SettingFontSizeViewController.m */; };
		B69C17B918FD063800981016 /* SettingFontSizeDetailCell.m in Sources */ = {isa = PBXBuildFile; fileRef = B69C17B718FD063800981016 /* SettingFontSizeDetailCell.m */; };
		B69C17BA18FD063800981016 /* SettingFontSizeDetailCell.xib in Resources */ = {isa = PBXBuildFile; fileRef = B69C17B818FD063800981016 /* SettingFontSizeDetailCell.xib */; };
		B69C17CA18FD09EC00981016 /* tick.png in Resources */ = {isa = PBXBuildFile; fileRef = B69C17C218FD09EC00981016 /* tick.png */; };
		B69C17CB18FD09EC00981016 /* tick@2x.png in Resources */ = {isa = PBXBuildFile; fileRef = B69C17C318FD09EC00981016 /* tick@2x.png */; };
		B6AC8DD218CFF636009D88B9 /* LSCollectionViewHelper.m in Sources */ = {isa = PBXBuildFile; fileRef = B6AC8DC818CFF636009D88B9 /* LSCollectionViewHelper.m */; };
		B6AC8DD318CFF636009D88B9 /* LSCollectionViewLayoutHelper.m in Sources */ = {isa = PBXBuildFile; fileRef = B6AC8DCA18CFF636009D88B9 /* LSCollectionViewLayoutHelper.m */; };
		B6AC8DD418CFF636009D88B9 /* DraggableCollectionViewFlowLayout.m in Sources */ = {isa = PBXBuildFile; fileRef = B6AC8DCD18CFF636009D88B9 /* DraggableCollectionViewFlowLayout.m */; };
		B6AC8DD518CFF636009D88B9 /* UICollectionView+Draggable.m in Sources */ = {isa = PBXBuildFile; fileRef = B6AC8DCF18CFF636009D88B9 /* UICollectionView+Draggable.m */; };
		B6AC8DDD18CFF707009D88B9 /* NoteListViewController.m in Sources */ = {isa = PBXBuildFile; fileRef = B6AC8DDC18CFF707009D88B9 /* NoteListViewController.m */; };
		B6AC8DFF18CFF9AD009D88B9 /* InfoPlist.strings in Resources */ = {isa = PBXBuildFile; fileRef = B6AC8DF618CFF9AD009D88B9 /* InfoPlist.strings */; };
		B6AC8E0018CFF9AD009D88B9 /* Localizable.strings in Resources */ = {isa = PBXBuildFile; fileRef = B6AC8DF818CFF9AD009D88B9 /* Localizable.strings */; };
		B6AC8E0118CFF9AD009D88B9 /* LocalizableViewController.xib in Resources */ = {isa = PBXBuildFile; fileRef = B6AC8DFA18CFF9AD009D88B9 /* LocalizableViewController.xib */; };
		B6AC8E0918D01B91009D88B9 /* MJCircleLayer.m in Sources */ = {isa = PBXBuildFile; fileRef = B6AC8E0418D01B91009D88B9 /* MJCircleLayer.m */; };
		B6AC8E0A18D01B91009D88B9 /* MJPasswordView.m in Sources */ = {isa = PBXBuildFile; fileRef = B6AC8E0618D01B91009D88B9 /* MJPasswordView.m */; };
		B6AC8E0B18D01B91009D88B9 /* MJPathLayer.m in Sources */ = {isa = PBXBuildFile; fileRef = B6AC8E0818D01B91009D88B9 /* MJPathLayer.m */; };
		B6AC8E1618D01E43009D88B9 /* SystemConfiguration.framework in Frameworks */ = {isa = PBXBuildFile; fileRef = B6AC8E1518D01E43009D88B9 /* SystemConfiguration.framework */; };
		B6AC8E1818D01E4A009D88B9 /* MobileCoreServices.framework in Frameworks */ = {isa = PBXBuildFile; fileRef = B6AC8E1718D01E4A009D88B9 /* MobileCoreServices.framework */; };
		B6AC8E1A18D01E50009D88B9 /* CoreTelephony.framework in Frameworks */ = {isa = PBXBuildFile; fileRef = B6AC8E1918D01E50009D88B9 /* CoreTelephony.framework */; };
		B6AC8E1E18D02063009D88B9 /* OpenUDID.m in Sources */ = {isa = PBXBuildFile; fileRef = B6AC8E1D18D02063009D88B9 /* OpenUDID.m */; settings = {COMPILER_FLAGS = "-fno-objc-arc"; }; };
		B6B4131118E15E120051F54B /* PasswordViewController.m in Sources */ = {isa = PBXBuildFile; fileRef = B6B4131018E15E120051F54B /* PasswordViewController.m */; };
		B6B4131B18E169DA0051F54B /* PasswordHelper.m in Sources */ = {isa = PBXBuildFile; fileRef = B6B4131A18E169DA0051F54B /* PasswordHelper.m */; };
		B6B4132518E16A020051F54B /* AESCrypt.m in Sources */ = {isa = PBXBuildFile; fileRef = B6B4131E18E16A020051F54B /* AESCrypt.m */; settings = {COMPILER_FLAGS = "-fno-objc-arc"; }; };
		B6B4132618E16A020051F54B /* NSData+Base64.m in Sources */ = {isa = PBXBuildFile; fileRef = B6B4132018E16A020051F54B /* NSData+Base64.m */; };
		B6B4132718E16A020051F54B /* NSData+CommonCrypto.m in Sources */ = {isa = PBXBuildFile; fileRef = B6B4132218E16A020051F54B /* NSData+CommonCrypto.m */; settings = {COMPILER_FLAGS = "-fno-objc-arc"; }; };
		B6B4132818E16A020051F54B /* NSString+Base64.m in Sources */ = {isa = PBXBuildFile; fileRef = B6B4132418E16A020051F54B /* NSString+Base64.m */; };
		B6B4132B18E16EF70051F54B /* DataModel.m in Sources */ = {isa = PBXBuildFile; fileRef = B6B4132A18E16EF70051F54B /* DataModel.m */; };
		B6CB6CFA18CEFAD900033F15 /* Foundation.framework in Frameworks */ = {isa = PBXBuildFile; fileRef = B6CB6CF918CEFAD900033F15 /* Foundation.framework */; };
		B6CB6CFC18CEFAD900033F15 /* CoreGraphics.framework in Frameworks */ = {isa = PBXBuildFile; fileRef = B6CB6CFB18CEFAD900033F15 /* CoreGraphics.framework */; };
		B6CB6CFE18CEFAD900033F15 /* UIKit.framework in Frameworks */ = {isa = PBXBuildFile; fileRef = B6CB6CFD18CEFAD900033F15 /* UIKit.framework */; };
		B6CB6D0618CEFAD900033F15 /* main.m in Sources */ = {isa = PBXBuildFile; fileRef = B6CB6D0518CEFAD900033F15 /* main.m */; };
		B6CB6D0A18CEFAD900033F15 /* AppDelegate.m in Sources */ = {isa = PBXBuildFile; fileRef = B6CB6D0918CEFAD900033F15 /* AppDelegate.m */; };
		B6CB6D1218CEFADA00033F15 /* Images.xcassets in Resources */ = {isa = PBXBuildFile; fileRef = B6CB6D1118CEFADA00033F15 /* Images.xcassets */; };
		B6CB6D3E18CF06F400033F15 /* DefaultViewController.m in Sources */ = {isa = PBXBuildFile; fileRef = B6CB6D3D18CF06F400033F15 /* DefaultViewController.m */; };
		B6CB6D4218CF075100033F15 /* CommomColor.m in Sources */ = {isa = PBXBuildFile; fileRef = B6CB6D4118CF075100033F15 /* CommomColor.m */; };
		B6EEC3C818E2798300D883CE /* NoteListDetailedViewController.m in Sources */ = {isa = PBXBuildFile; fileRef = B6EEC3C718E2798300D883CE /* NoteListDetailedViewController.m */; };
		B6F97C7418D026DE00BA9A92 /* AVOHelper.m in Sources */ = {isa = PBXBuildFile; fileRef = B6F97C7318D026DE00BA9A92 /* AVOHelper.m */; };
		B6F97C7818D02A0B00BA9A92 /* CommonTools.m in Sources */ = {isa = PBXBuildFile; fileRef = B6F97C7718D02A0B00BA9A92 /* CommonTools.m */; };
		B6F97C7B18D03D7D00BA9A92 /* NoteListViewCell.m in Sources */ = {isa = PBXBuildFile; fileRef = B6F97C7A18D03D7D00BA9A92 /* NoteListViewCell.m */; };
		B6F97C7E18D0455600BA9A92 /* ItemModel.m in Sources */ = {isa = PBXBuildFile; fileRef = B6F97C7D18D0455600BA9A92 /* ItemModel.m */; };
/* End PBXBuildFile section */

/* Begin PBXFileReference section */
		B60B26A218FBA5300092BDAC /* NSMutableArray+SWUtilityButtons.h */ = {isa = PBXFileReference; fileEncoding = 4; lastKnownFileType = sourcecode.c.h; path = "NSMutableArray+SWUtilityButtons.h"; sourceTree = "<group>"; };
		B60B26A318FBA5300092BDAC /* NSMutableArray+SWUtilityButtons.m */ = {isa = PBXFileReference; fileEncoding = 4; lastKnownFileType = sourcecode.c.objc; path = "NSMutableArray+SWUtilityButtons.m"; sourceTree = "<group>"; };
		B60B26A418FBA5300092BDAC /* SWCellScrollView.h */ = {isa = PBXFileReference; fileEncoding = 4; lastKnownFileType = sourcecode.c.h; path = SWCellScrollView.h; sourceTree = "<group>"; };
		B60B26A518FBA5300092BDAC /* SWCellScrollView.m */ = {isa = PBXFileReference; fileEncoding = 4; lastKnownFileType = sourcecode.c.objc; path = SWCellScrollView.m; sourceTree = "<group>"; };
		B60B26A618FBA5300092BDAC /* SWConstants.h */ = {isa = PBXFileReference; fileEncoding = 4; lastKnownFileType = sourcecode.c.h; path = SWConstants.h; sourceTree = "<group>"; };
		B60B26A718FBA5300092BDAC /* SWLongPressGestureRecognizer.h */ = {isa = PBXFileReference; fileEncoding = 4; lastKnownFileType = sourcecode.c.h; path = SWLongPressGestureRecognizer.h; sourceTree = "<group>"; };
		B60B26A818FBA5300092BDAC /* SWLongPressGestureRecognizer.m */ = {isa = PBXFileReference; fileEncoding = 4; lastKnownFileType = sourcecode.c.objc; path = SWLongPressGestureRecognizer.m; sourceTree = "<group>"; };
		B60B26A918FBA5300092BDAC /* SWTableViewCell.h */ = {isa = PBXFileReference; fileEncoding = 4; lastKnownFileType = sourcecode.c.h; path = SWTableViewCell.h; sourceTree = "<group>"; };
		B60B26AA18FBA5300092BDAC /* SWTableViewCell.m */ = {isa = PBXFileReference; fileEncoding = 4; lastKnownFileType = sourcecode.c.objc; path = SWTableViewCell.m; sourceTree = "<group>"; };
		B60B26AB18FBA5300092BDAC /* SWUtilityButtonTapGestureRecognizer.h */ = {isa = PBXFileReference; fileEncoding = 4; lastKnownFileType = sourcecode.c.h; path = SWUtilityButtonTapGestureRecognizer.h; sourceTree = "<group>"; };
		B60B26AC18FBA5300092BDAC /* SWUtilityButtonTapGestureRecognizer.m */ = {isa = PBXFileReference; fileEncoding = 4; lastKnownFileType = sourcecode.c.objc; path = SWUtilityButtonTapGestureRecognizer.m; sourceTree = "<group>"; };
		B60B26AD18FBA5300092BDAC /* SWUtilityButtonView.h */ = {isa = PBXFileReference; fileEncoding = 4; lastKnownFileType = sourcecode.c.h; path = SWUtilityButtonView.h; sourceTree = "<group>"; };
		B60B26AE18FBA5300092BDAC /* SWUtilityButtonView.m */ = {isa = PBXFileReference; fileEncoding = 4; lastKnownFileType = sourcecode.c.objc; path = SWUtilityButtonView.m; sourceTree = "<group>"; };
		B60B26B518FBA9C80092BDAC /* ReminderViewCell.xib */ = {isa = PBXFileReference; fileEncoding = 4; lastKnownFileType = file.xib; path = ReminderViewCell.xib; sourceTree = "<group>"; };
		B6291A6918E553FF00B9B09D /* CommonActionSheet.h */ = {isa = PBXFileReference; fileEncoding = 4; lastKnownFileType = sourcecode.c.h; path = CommonActionSheet.h; sourceTree = "<group>"; };
		B6291A6A18E553FF00B9B09D /* CommonActionSheet.m */ = {isa = PBXFileReference; fileEncoding = 4; lastKnownFileType = sourcecode.c.objc; path = CommonActionSheet.m; sourceTree = "<group>"; };
		B6291A6B18E553FF00B9B09D /* LXActionSheet.h */ = {isa = PBXFileReference; fileEncoding = 4; lastKnownFileType = sourcecode.c.h; path = LXActionSheet.h; sourceTree = "<group>"; };
		B6291A6C18E553FF00B9B09D /* LXActionSheet.m */ = {isa = PBXFileReference; fileEncoding = 4; lastKnownFileType = sourcecode.c.objc; path = LXActionSheet.m; sourceTree = "<group>"; };
		B6291A7218E5645000B9B09D /* AVOSCloud.framework */ = {isa = PBXFileReference; lastKnownFileType = wrapper.framework; path = AVOSCloud.framework; sourceTree = "<group>"; };
		B6291A7518E565A100B9B09D /* MenuViewController.h */ = {isa = PBXFileReference; fileEncoding = 4; lastKnownFileType = sourcecode.c.h; path = MenuViewController.h; sourceTree = "<group>"; };
		B6291A7618E565A100B9B09D /* MenuViewController.m */ = {isa = PBXFileReference; fileEncoding = 4; lastKnownFileType = sourcecode.c.objc; path = MenuViewController.m; sourceTree = "<group>"; };
		B6291A7818E914C300B9B09D /* MenuTableViewCell.h */ = {isa = PBXFileReference; fileEncoding = 4; lastKnownFileType = sourcecode.c.h; path = MenuTableViewCell.h; sourceTree = "<group>"; };
		B6291A7918E914C300B9B09D /* MenuTableViewCell.m */ = {isa = PBXFileReference; fileEncoding = 4; lastKnownFileType = sourcecode.c.objc; path = MenuTableViewCell.m; sourceTree = "<group>"; };
		B6291A8C18E93F1300B9B09D /* PopView.h */ = {isa = PBXFileReference; fileEncoding = 4; lastKnownFileType = sourcecode.c.h; path = PopView.h; sourceTree = "<group>"; };
		B6291A8D18E93F1300B9B09D /* PopView.m */ = {isa = PBXFileReference; fileEncoding = 4; lastKnownFileType = sourcecode.c.objc; path = PopView.m; sourceTree = "<group>"; };
		B6291A9218E94FE900B9B09D /* SaveVersionViewController.h */ = {isa = PBXFileReference; fileEncoding = 4; lastKnownFileType = sourcecode.c.h; path = SaveVersionViewController.h; sourceTree = "<group>"; };
		B6291A9318E94FE900B9B09D /* SaveVersionViewController.m */ = {isa = PBXFileReference; fileEncoding = 4; lastKnownFileType = sourcecode.c.objc; path = SaveVersionViewController.m; sourceTree = "<group>"; };
		B6291A9618E952BA00B9B09D /* MBProgressHUD.h */ = {isa = PBXFileReference; fileEncoding = 4; lastKnownFileType = sourcecode.c.h; path = MBProgressHUD.h; sourceTree = "<group>"; };
		B6291A9718E952BA00B9B09D /* MBProgressHUD.m */ = {isa = PBXFileReference; fileEncoding = 4; lastKnownFileType = sourcecode.c.objc; path = MBProgressHUD.m; sourceTree = "<group>"; };
		B6291AA218E95BAA00B9B09D /* SaveVersion.xib */ = {isa = PBXFileReference; fileEncoding = 4; lastKnownFileType = file.xib; path = SaveVersion.xib; sourceTree = "<group>"; };
		B631F14618ED08F400B488E0 /* FeedbacksViewController.h */ = {isa = PBXFileReference; fileEncoding = 4; lastKnownFileType = sourcecode.c.h; path = FeedbacksViewController.h; sourceTree = "<group>"; };
		B631F14718ED08F400B488E0 /* FeedbacksViewController.m */ = {isa = PBXFileReference; fileEncoding = 4; lastKnownFileType = sourcecode.c.objc; path = FeedbacksViewController.m; sourceTree = "<group>"; };
		B631F14B18ED2E9100B488E0 /* ReminderViewController.h */ = {isa = PBXFileReference; fileEncoding = 4; lastKnownFileType = sourcecode.c.h; path = ReminderViewController.h; sourceTree = "<group>"; };
		B631F14C18ED2E9100B488E0 /* ReminderViewController.m */ = {isa = PBXFileReference; fileEncoding = 4; lastKnownFileType = sourcecode.c.objc; path = ReminderViewController.m; sourceTree = "<group>"; };
		B631F14E18ED416000B488E0 /* ReminderDetailedViewController.h */ = {isa = PBXFileReference; fileEncoding = 4; lastKnownFileType = sourcecode.c.h; path = ReminderDetailedViewController.h; sourceTree = "<group>"; };
		B631F14F18ED416000B488E0 /* ReminderDetailedViewController.m */ = {isa = PBXFileReference; fileEncoding = 4; lastKnownFileType = sourcecode.c.objc; path = ReminderDetailedViewController.m; sourceTree = "<group>"; };
		B63FD4C418EA552D00A73254 /* LocalVersion.h */ = {isa = PBXFileReference; fileEncoding = 4; lastKnownFileType = sourcecode.c.h; path = LocalVersion.h; sourceTree = "<group>"; };
		B63FD4C518EA552D00A73254 /* LocalVersion.m */ = {isa = PBXFileReference; fileEncoding = 4; lastKnownFileType = sourcecode.c.objc; path = LocalVersion.m; sourceTree = "<group>"; };
		B63FD4DC18EA9C7700A73254 /* JSONKit.h */ = {isa = PBXFileReference; fileEncoding = 4; lastKnownFileType = sourcecode.c.h; path = JSONKit.h; sourceTree = "<group>"; };
		B63FD4DD18EA9C7700A73254 /* JSONKit.m */ = {isa = PBXFileReference; fileEncoding = 4; lastKnownFileType = sourcecode.c.objc; path = JSONKit.m; sourceTree = "<group>"; };
		B63FD4DF18EAA2B200A73254 /* RevertVersionViewController.h */ = {isa = PBXFileReference; fileEncoding = 4; lastKnownFileType = sourcecode.c.h; path = RevertVersionViewController.h; sourceTree = "<group>"; };
		B63FD4E018EAA2B200A73254 /* RevertVersionViewController.m */ = {isa = PBXFileReference; fileEncoding = 4; lastKnownFileType = sourcecode.c.objc; path = RevertVersionViewController.m; sourceTree = "<group>"; };
		B63FD4E218EAA3D800A73254 /* RevertVersionTableViewCell.h */ = {isa = PBXFileReference; fileEncoding = 4; lastKnownFileType = sourcecode.c.h; path = RevertVersionTableViewCell.h; sourceTree = "<group>"; };
		B63FD4E318EAA3D800A73254 /* RevertVersionTableViewCell.m */ = {isa = PBXFileReference; fileEncoding = 4; lastKnownFileType = sourcecode.c.objc; path = RevertVersionTableViewCell.m; sourceTree = "<group>"; };
		B63FD4E418EAA3D800A73254 /* RevertVersionTableViewCell.xib */ = {isa = PBXFileReference; fileEncoding = 4; lastKnownFileType = file.xib; path = RevertVersionTableViewCell.xib; sourceTree = "<group>"; };
		B65CA2B518FE6A1400ECABC8 /* ChangPasswordViewController.h */ = {isa = PBXFileReference; fileEncoding = 4; lastKnownFileType = sourcecode.c.h; path = ChangPasswordViewController.h; sourceTree = "<group>"; };
		B65CA2B618FE6A1400ECABC8 /* ChangPasswordViewController.m */ = {isa = PBXFileReference; fileEncoding = 4; lastKnownFileType = sourcecode.c.objc; path = ChangPasswordViewController.m; sourceTree = "<group>"; };
		B675584918ECF5CB0093D6AB /* RevertNoteListViewController.h */ = {isa = PBXFileReference; fileEncoding = 4; lastKnownFileType = sourcecode.c.h; path = RevertNoteListViewController.h; sourceTree = "<group>"; };
		B675584A18ECF5CB0093D6AB /* RevertNoteListViewController.m */ = {isa = PBXFileReference; fileEncoding = 4; lastKnownFileType = sourcecode.c.objc; path = RevertNoteListViewController.m; sourceTree = "<group>"; };
		B675584C18ECFE260093D6AB /* RevertNoteListDetailedViewController.h */ = {isa = PBXFileReference; fileEncoding = 4; lastKnownFileType = sourcecode.c.h; path = RevertNoteListDetailedViewController.h; sourceTree = "<group>"; };
		B675584D18ECFE260093D6AB /* RevertNoteListDetailedViewController.m */ = {isa = PBXFileReference; fileEncoding = 4; lastKnownFileType = sourcecode.c.objc; path = RevertNoteListDetailedViewController.m; sourceTree = "<group>"; };
		B67C513E18EE434700121C4C /* ReminderViewCell.h */ = {isa = PBXFileReference; fileEncoding = 4; lastKnownFileType = sourcecode.c.h; path = ReminderViewCell.h; sourceTree = "<group>"; };
		B67C513F18EE434700121C4C /* ReminderViewCell.m */ = {isa = PBXFileReference; fileEncoding = 4; lastKnownFileType = sourcecode.c.objc; path = ReminderViewCell.m; sourceTree = "<group>"; };
		B67C514818EE973C00121C4C /* ReminderHelper.h */ = {isa = PBXFileReference; fileEncoding = 4; lastKnownFileType = sourcecode.c.h; path = ReminderHelper.h; sourceTree = "<group>"; };
		B67C514918EE973C00121C4C /* ReminderHelper.m */ = {isa = PBXFileReference; fileEncoding = 4; lastKnownFileType = sourcecode.c.objc; path = ReminderHelper.m; sourceTree = "<group>"; };
		B690055818E4043D00870905 /* StateButton.h */ = {isa = PBXFileReference; fileEncoding = 4; lastKnownFileType = sourcecode.c.h; path = StateButton.h; sourceTree = "<group>"; };
		B690055918E4043D00870905 /* StateButton.m */ = {isa = PBXFileReference; fileEncoding = 4; lastKnownFileType = sourcecode.c.objc; path = StateButton.m; sourceTree = "<group>"; };
		B690056218E41E7D00870905 /* NoteListNewCell.h */ = {isa = PBXFileReference; fileEncoding = 4; lastKnownFileType = sourcecode.c.h; path = NoteListNewCell.h; sourceTree = "<group>"; };
		B690056318E41E7D00870905 /* NoteListNewCell.m */ = {isa = PBXFileReference; fileEncoding = 4; lastKnownFileType = sourcecode.c.objc; path = NoteListNewCell.m; sourceTree = "<group>"; };
		B69C174518FCC7F900981016 /* icon.png */ = {isa = PBXFileReference; lastKnownFileType = image.png; path = icon.png; sourceTree = "<group>"; };
		B69C174618FCC7F900981016 /* icon120.png */ = {isa = PBXFileReference; lastKnownFileType = image.png; path = icon120.png; sourceTree = "<group>"; };
		B69C174718FCC7F900981016 /* icon152.png */ = {isa = PBXFileReference; lastKnownFileType = image.png; path = icon152.png; sourceTree = "<group>"; };
		B69C174818FCC7F900981016 /* icon29.png */ = {isa = PBXFileReference; lastKnownFileType = image.png; path = icon29.png; sourceTree = "<group>"; };
		B69C174918FCC7F900981016 /* icon40.png */ = {isa = PBXFileReference; lastKnownFileType = image.png; path = icon40.png; sourceTree = "<group>"; };
		B69C174A18FCC7F900981016 /* icon58.png */ = {isa = PBXFileReference; lastKnownFileType = image.png; path = icon58.png; sourceTree = "<group>"; };
		B69C174B18FCC7F900981016 /* icon76.png */ = {isa = PBXFileReference; lastKnownFileType = image.png; path = icon76.png; sourceTree = "<group>"; };
		B69C174C18FCC7F900981016 /* icon80.png */ = {isa = PBXFileReference; lastKnownFileType = image.png; path = icon80.png; sourceTree = "<group>"; };
		B69C174E18FCC7F900981016 /* back_bkg.png */ = {isa = PBXFileReference; lastKnownFileType = image.png; path = back_bkg.png; sourceTree = "<group>"; };
		B69C174F18FCC7F900981016 /* back_bkg@2x.png */ = {isa = PBXFileReference; lastKnownFileType = image.png; path = "back_bkg@2x.png"; sourceTree = "<group>"; };
		B69C175018FCC7F900981016 /* back_bkg_HL.png */ = {isa = PBXFileReference; lastKnownFileType = image.png; path = back_bkg_HL.png; sourceTree = "<group>"; };
		B69C175118FCC7F900981016 /* back_bkg_HL@2x.png */ = {isa = PBXFileReference; lastKnownFileType = image.png; path = "back_bkg_HL@2x.png"; sourceTree = "<group>"; };
		B69C175218FCC7F900981016 /* btn_bkg.png */ = {isa = PBXFileReference; lastKnownFileType = image.png; path = btn_bkg.png; sourceTree = "<group>"; };
		B69C175318FCC7F900981016 /* btn_bkg@2x.png */ = {isa = PBXFileReference; lastKnownFileType = image.png; path = "btn_bkg@2x.png"; sourceTree = "<group>"; };
		B69C175418FCC7F900981016 /* btn_bkg_highlighted.png */ = {isa = PBXFileReference; lastKnownFileType = image.png; path = btn_bkg_highlighted.png; sourceTree = "<group>"; };
		B69C175518FCC7F900981016 /* btn_bkg_highlighted@2x.png */ = {isa = PBXFileReference; lastKnownFileType = image.png; path = "btn_bkg_highlighted@2x.png"; sourceTree = "<group>"; };
		B69C175618FCC7F900981016 /* delete.png */ = {isa = PBXFileReference; lastKnownFileType = image.png; path = delete.png; sourceTree = "<group>"; };
		B69C175718FCC7F900981016 /* delete@2x.png */ = {isa = PBXFileReference; lastKnownFileType = image.png; path = "delete@2x.png"; sourceTree = "<group>"; };
		B69C175818FCC7F900981016 /* navi_back.png */ = {isa = PBXFileReference; lastKnownFileType = image.png; path = navi_back.png; sourceTree = "<group>"; };
		B69C175918FCC7F900981016 /* navi_back@2x.png */ = {isa = PBXFileReference; lastKnownFileType = image.png; path = "navi_back@2x.png"; sourceTree = "<group>"; };
		B69C175A18FCC7F900981016 /* navi_back_highlighted.png */ = {isa = PBXFileReference; lastKnownFileType = image.png; path = navi_back_highlighted.png; sourceTree = "<group>"; };
		B69C175B18FCC7F900981016 /* navi_back_highlighted@2x.png */ = {isa = PBXFileReference; lastKnownFileType = image.png; path = "navi_back_highlighted@2x.png"; sourceTree = "<group>"; };
		B69C175C18FCC7F900981016 /* red_dot.png */ = {isa = PBXFileReference; lastKnownFileType = image.png; path = red_dot.png; sourceTree = "<group>"; };
		B69C175D18FCC7F900981016 /* red_dot@2x.png */ = {isa = PBXFileReference; lastKnownFileType = image.png; path = "red_dot@2x.png"; sourceTree = "<group>"; };
		B69C175E18FCC7F900981016 /* right_arrow.png */ = {isa = PBXFileReference; lastKnownFileType = image.png; path = right_arrow.png; sourceTree = "<group>"; };
		B69C175F18FCC7F900981016 /* right_arrow@2x.png */ = {isa = PBXFileReference; lastKnownFileType = image.png; path = "right_arrow@2x.png"; sourceTree = "<group>"; };
		B69C176018FCC7F900981016 /* right_arrow_HL.png */ = {isa = PBXFileReference; lastKnownFileType = image.png; path = right_arrow_HL.png; sourceTree = "<group>"; };
		B69C176118FCC7F900981016 /* right_arrow_HL@2x.png */ = {isa = PBXFileReference; lastKnownFileType = image.png; path = "right_arrow_HL@2x.png"; sourceTree = "<group>"; };
		B69C176318FCC7F900981016 /* close.png */ = {isa = PBXFileReference; lastKnownFileType = image.png; path = close.png; sourceTree = "<group>"; };
		B69C176418FCC7F900981016 /* close@2x.png */ = {isa = PBXFileReference; lastKnownFileType = image.png; path = "close@2x.png"; sourceTree = "<group>"; };
		B69C176518FCC7F900981016 /* close_HL.png */ = {isa = PBXFileReference; lastKnownFileType = image.png; path = close_HL.png; sourceTree = "<group>"; };
		B69C176618FCC7F900981016 /* close_HL@2x.png */ = {isa = PBXFileReference; lastKnownFileType = image.png; path = "close_HL@2x.png"; sourceTree = "<group>"; };
		B69C176718FCC7F900981016 /* note_cell_bkg.png */ = {isa = PBXFileReference; lastKnownFileType = image.png; path = note_cell_bkg.png; sourceTree = "<group>"; };
		B69C176818FCC7F900981016 /* note_cell_bkg@2x.png */ = {isa = PBXFileReference; lastKnownFileType = image.png; path = "note_cell_bkg@2x.png"; sourceTree = "<group>"; };
		B69C176A18FCC7F900981016 /* password.png */ = {isa = PBXFileReference; lastKnownFileType = image.png; path = password.png; sourceTree = "<group>"; };
		B69C176B18FCC7F900981016 /* password@2x.png */ = {isa = PBXFileReference; lastKnownFileType = image.png; path = "password@2x.png"; sourceTree = "<group>"; };
		B69C176C18FCC7F900981016 /* password_highlighted.png */ = {isa = PBXFileReference; lastKnownFileType = image.png; path = password_highlighted.png; sourceTree = "<group>"; };
		B69C176D18FCC7F900981016 /* password_highlighted@2x.png */ = {isa = PBXFileReference; lastKnownFileType = image.png; path = "password_highlighted@2x.png"; sourceTree = "<group>"; };
		B69C176F18FCC7F900981016 /* version_btn_bkg.png */ = {isa = PBXFileReference; lastKnownFileType = image.png; path = version_btn_bkg.png; sourceTree = "<group>"; };
		B69C177018FCC7F900981016 /* version_btn_bkg@2x.png */ = {isa = PBXFileReference; lastKnownFileType = image.png; path = "version_btn_bkg@2x.png"; sourceTree = "<group>"; };
		B69C177118FCC7F900981016 /* version_btn_bkg_HL.png */ = {isa = PBXFileReference; lastKnownFileType = image.png; path = version_btn_bkg_HL.png; sourceTree = "<group>"; };
		B69C177218FCC7F900981016 /* version_btn_bkg_HL@2x.png */ = {isa = PBXFileReference; lastKnownFileType = image.png; path = "version_btn_bkg_HL@2x.png"; sourceTree = "<group>"; };
		B69C179E18FCD37B00981016 /* SettingViewController.h */ = {isa = PBXFileReference; fileEncoding = 4; lastKnownFileType = sourcecode.c.h; path = SettingViewController.h; sourceTree = "<group>"; };
		B69C179F18FCD37B00981016 /* SettingViewController.m */ = {isa = PBXFileReference; fileEncoding = 4; lastKnownFileType = sourcecode.c.objc; path = SettingViewController.m; sourceTree = "<group>"; };
		B69C17A118FCD48000981016 /* SettingPasswordCell.h */ = {isa = PBXFileReference; fileEncoding = 4; lastKnownFileType = sourcecode.c.h; path = SettingPasswordCell.h; sourceTree = "<group>"; };
		B69C17A218FCD48000981016 /* SettingPasswordCell.m */ = {isa = PBXFileReference; fileEncoding = 4; lastKnownFileType = sourcecode.c.objc; path = SettingPasswordCell.m; sourceTree = "<group>"; };
		B69C17A318FCD48000981016 /* SettingPasswordCell.xib */ = {isa = PBXFileReference; fileEncoding = 4; lastKnownFileType = file.xib; path = SettingPasswordCell.xib; sourceTree = "<group>"; };
		B69C17AF18FCD52900981016 /* SettingHelper.h */ = {isa = PBXFileReference; fileEncoding = 4; lastKnownFileType = sourcecode.c.h; path = SettingHelper.h; sourceTree = "<group>"; };
		B69C17B018FCD52900981016 /* SettingHelper.m */ = {isa = PBXFileReference; fileEncoding = 4; lastKnownFileType = sourcecode.c.objc; path = SettingHelper.m; sourceTree = "<group>"; };
		B69C17B318FD02EE00981016 /* SettingFontSizeViewController.h */ = {isa = PBXFileReference; fileEncoding = 4; lastKnownFileType = sourcecode.c.h; path = SettingFontSizeViewController.h; sourceTree = "<group>"; };
		B69C17B418FD02EE00981016 /* SettingFontSizeViewController.m */ = {isa = PBXFileReference; fileEncoding = 4; lastKnownFileType = sourcecode.c.objc; path = SettingFontSizeViewController.m; sourceTree = "<group>"; };
		B69C17B618FD063800981016 /* SettingFontSizeDetailCell.h */ = {isa = PBXFileReference; fileEncoding = 4; lastKnownFileType = sourcecode.c.h; path = SettingFontSizeDetailCell.h; sourceTree = "<group>"; };
		B69C17B718FD063800981016 /* SettingFontSizeDetailCell.m */ = {isa = PBXFileReference; fileEncoding = 4; lastKnownFileType = sourcecode.c.objc; path = SettingFontSizeDetailCell.m; sourceTree = "<group>"; };
		B69C17B818FD063800981016 /* SettingFontSizeDetailCell.xib */ = {isa = PBXFileReference; fileEncoding = 4; lastKnownFileType = file.xib; path = SettingFontSizeDetailCell.xib; sourceTree = "<group>"; };
		B69C17C218FD09EC00981016 /* tick.png */ = {isa = PBXFileReference; lastKnownFileType = image.png; path = tick.png; sourceTree = "<group>"; };
		B69C17C318FD09EC00981016 /* tick@2x.png */ = {isa = PBXFileReference; lastKnownFileType = image.png; path = "tick@2x.png"; sourceTree = "<group>"; };
		B6AC8DC718CFF636009D88B9 /* LSCollectionViewHelper.h */ = {isa = PBXFileReference; fileEncoding = 4; lastKnownFileType = sourcecode.c.h; path = LSCollectionViewHelper.h; sourceTree = "<group>"; };
		B6AC8DC818CFF636009D88B9 /* LSCollectionViewHelper.m */ = {isa = PBXFileReference; fileEncoding = 4; lastKnownFileType = sourcecode.c.objc; path = LSCollectionViewHelper.m; sourceTree = "<group>"; };
		B6AC8DC918CFF636009D88B9 /* LSCollectionViewLayoutHelper.h */ = {isa = PBXFileReference; fileEncoding = 4; lastKnownFileType = sourcecode.c.h; path = LSCollectionViewLayoutHelper.h; sourceTree = "<group>"; };
		B6AC8DCA18CFF636009D88B9 /* LSCollectionViewLayoutHelper.m */ = {isa = PBXFileReference; fileEncoding = 4; lastKnownFileType = sourcecode.c.objc; path = LSCollectionViewLayoutHelper.m; sourceTree = "<group>"; };
		B6AC8DCC18CFF636009D88B9 /* DraggableCollectionViewFlowLayout.h */ = {isa = PBXFileReference; fileEncoding = 4; lastKnownFileType = sourcecode.c.h; path = DraggableCollectionViewFlowLayout.h; sourceTree = "<group>"; };
		B6AC8DCD18CFF636009D88B9 /* DraggableCollectionViewFlowLayout.m */ = {isa = PBXFileReference; fileEncoding = 4; lastKnownFileType = sourcecode.c.objc; path = DraggableCollectionViewFlowLayout.m; sourceTree = "<group>"; };
		B6AC8DCE18CFF636009D88B9 /* UICollectionView+Draggable.h */ = {isa = PBXFileReference; fileEncoding = 4; lastKnownFileType = sourcecode.c.h; path = "UICollectionView+Draggable.h"; sourceTree = "<group>"; };
		B6AC8DCF18CFF636009D88B9 /* UICollectionView+Draggable.m */ = {isa = PBXFileReference; fileEncoding = 4; lastKnownFileType = sourcecode.c.objc; path = "UICollectionView+Draggable.m"; sourceTree = "<group>"; };
		B6AC8DD018CFF636009D88B9 /* UICollectionViewDataSource_Draggable.h */ = {isa = PBXFileReference; fileEncoding = 4; lastKnownFileType = sourcecode.c.h; path = UICollectionViewDataSource_Draggable.h; sourceTree = "<group>"; };
		B6AC8DD118CFF636009D88B9 /* UICollectionViewLayout_Warpable.h */ = {isa = PBXFileReference; fileEncoding = 4; lastKnownFileType = sourcecode.c.h; path = UICollectionViewLayout_Warpable.h; sourceTree = "<group>"; };
		B6AC8DDB18CFF707009D88B9 /* NoteListViewController.h */ = {isa = PBXFileReference; fileEncoding = 4; lastKnownFileType = sourcecode.c.h; path = NoteListViewController.h; sourceTree = "<group>"; };
		B6AC8DDC18CFF707009D88B9 /* NoteListViewController.m */ = {isa = PBXFileReference; fileEncoding = 4; lastKnownFileType = sourcecode.c.objc; path = NoteListViewController.m; sourceTree = "<group>"; };
		B6AC8DF718CFF9AD009D88B9 /* en */ = {isa = PBXFileReference; lastKnownFileType = text.plist.strings; name = en; path = en.lproj/InfoPlist.strings; sourceTree = "<group>"; };
		B6AC8DF918CFF9AD009D88B9 /* en */ = {isa = PBXFileReference; lastKnownFileType = text.plist.strings; name = en; path = en.lproj/Localizable.strings; sourceTree = "<group>"; };
		B6AC8DFB18CFF9AD009D88B9 /* en */ = {isa = PBXFileReference; lastKnownFileType = file.xib; name = en; path = en.lproj/LocalizableViewController.xib; sourceTree = "<group>"; };
		B6AC8DFC18CFF9AD009D88B9 /* zh-Hans */ = {isa = PBXFileReference; lastKnownFileType = text.plist.strings; name = "zh-Hans"; path = "zh-Hans.lproj/InfoPlist.strings"; sourceTree = "<group>"; };
		B6AC8DFD18CFF9AD009D88B9 /* zh-Hans */ = {isa = PBXFileReference; lastKnownFileType = text.plist.strings; name = "zh-Hans"; path = "zh-Hans.lproj/Localizable.strings"; sourceTree = "<group>"; };
		B6AC8DFE18CFF9AD009D88B9 /* zh-Hans */ = {isa = PBXFileReference; lastKnownFileType = file.xib; name = "zh-Hans"; path = "zh-Hans.lproj/LocalizableViewController.xib"; sourceTree = "<group>"; };
		B6AC8E0318D01B91009D88B9 /* MJCircleLayer.h */ = {isa = PBXFileReference; fileEncoding = 4; lastKnownFileType = sourcecode.c.h; path = MJCircleLayer.h; sourceTree = "<group>"; };
		B6AC8E0418D01B91009D88B9 /* MJCircleLayer.m */ = {isa = PBXFileReference; fileEncoding = 4; lastKnownFileType = sourcecode.c.objc; path = MJCircleLayer.m; sourceTree = "<group>"; };
		B6AC8E0518D01B91009D88B9 /* MJPasswordView.h */ = {isa = PBXFileReference; fileEncoding = 4; lastKnownFileType = sourcecode.c.h; path = MJPasswordView.h; sourceTree = "<group>"; };
		B6AC8E0618D01B91009D88B9 /* MJPasswordView.m */ = {isa = PBXFileReference; fileEncoding = 4; lastKnownFileType = sourcecode.c.objc; path = MJPasswordView.m; sourceTree = "<group>"; };
		B6AC8E0718D01B91009D88B9 /* MJPathLayer.h */ = {isa = PBXFileReference; fileEncoding = 4; lastKnownFileType = sourcecode.c.h; path = MJPathLayer.h; sourceTree = "<group>"; };
		B6AC8E0818D01B91009D88B9 /* MJPathLayer.m */ = {isa = PBXFileReference; fileEncoding = 4; lastKnownFileType = sourcecode.c.objc; path = MJPathLayer.m; sourceTree = "<group>"; };
		B6AC8E1218D01DAB009D88B9 /* CommonDefines.h */ = {isa = PBXFileReference; fileEncoding = 4; lastKnownFileType = sourcecode.c.h; path = CommonDefines.h; sourceTree = "<group>"; };
		B6AC8E1518D01E43009D88B9 /* SystemConfiguration.framework */ = {isa = PBXFileReference; lastKnownFileType = wrapper.framework; name = SystemConfiguration.framework; path = System/Library/Frameworks/SystemConfiguration.framework; sourceTree = SDKROOT; };
		B6AC8E1718D01E4A009D88B9 /* MobileCoreServices.framework */ = {isa = PBXFileReference; lastKnownFileType = wrapper.framework; name = MobileCoreServices.framework; path = System/Library/Frameworks/MobileCoreServices.framework; sourceTree = SDKROOT; };
		B6AC8E1918D01E50009D88B9 /* CoreTelephony.framework */ = {isa = PBXFileReference; lastKnownFileType = wrapper.framework; name = CoreTelephony.framework; path = System/Library/Frameworks/CoreTelephony.framework; sourceTree = SDKROOT; };
		B6AC8E1C18D02063009D88B9 /* OpenUDID.h */ = {isa = PBXFileReference; fileEncoding = 4; lastKnownFileType = sourcecode.c.h; path = OpenUDID.h; sourceTree = "<group>"; };
		B6AC8E1D18D02063009D88B9 /* OpenUDID.m */ = {isa = PBXFileReference; fileEncoding = 4; lastKnownFileType = sourcecode.c.objc; path = OpenUDID.m; sourceTree = "<group>"; };
		B6AC8E1F18D0214A009D88B9 /* AVODefines.h */ = {isa = PBXFileReference; fileEncoding = 4; lastKnownFileType = sourcecode.c.h; path = AVODefines.h; sourceTree = "<group>"; };
		B6B4130F18E15E120051F54B /* PasswordViewController.h */ = {isa = PBXFileReference; fileEncoding = 4; lastKnownFileType = sourcecode.c.h; path = PasswordViewController.h; sourceTree = "<group>"; };
		B6B4131018E15E120051F54B /* PasswordViewController.m */ = {isa = PBXFileReference; fileEncoding = 4; lastKnownFileType = sourcecode.c.objc; path = PasswordViewController.m; sourceTree = "<group>"; };
		B6B4131918E169DA0051F54B /* PasswordHelper.h */ = {isa = PBXFileReference; fileEncoding = 4; lastKnownFileType = sourcecode.c.h; path = PasswordHelper.h; sourceTree = "<group>"; };
		B6B4131A18E169DA0051F54B /* PasswordHelper.m */ = {isa = PBXFileReference; fileEncoding = 4; lastKnownFileType = sourcecode.c.objc; path = PasswordHelper.m; sourceTree = "<group>"; };
		B6B4131D18E16A020051F54B /* AESCrypt.h */ = {isa = PBXFileReference; fileEncoding = 4; lastKnownFileType = sourcecode.c.h; path = AESCrypt.h; sourceTree = "<group>"; };
		B6B4131E18E16A020051F54B /* AESCrypt.m */ = {isa = PBXFileReference; fileEncoding = 4; lastKnownFileType = sourcecode.c.objc; path = AESCrypt.m; sourceTree = "<group>"; };
		B6B4131F18E16A020051F54B /* NSData+Base64.h */ = {isa = PBXFileReference; fileEncoding = 4; lastKnownFileType = sourcecode.c.h; path = "NSData+Base64.h"; sourceTree = "<group>"; };
		B6B4132018E16A020051F54B /* NSData+Base64.m */ = {isa = PBXFileReference; fileEncoding = 4; lastKnownFileType = sourcecode.c.objc; path = "NSData+Base64.m"; sourceTree = "<group>"; };
		B6B4132118E16A020051F54B /* NSData+CommonCrypto.h */ = {isa = PBXFileReference; fileEncoding = 4; lastKnownFileType = sourcecode.c.h; path = "NSData+CommonCrypto.h"; sourceTree = "<group>"; };
		B6B4132218E16A020051F54B /* NSData+CommonCrypto.m */ = {isa = PBXFileReference; fileEncoding = 4; lastKnownFileType = sourcecode.c.objc; path = "NSData+CommonCrypto.m"; sourceTree = "<group>"; };
		B6B4132318E16A020051F54B /* NSString+Base64.h */ = {isa = PBXFileReference; fileEncoding = 4; lastKnownFileType = sourcecode.c.h; path = "NSString+Base64.h"; sourceTree = "<group>"; };
		B6B4132418E16A020051F54B /* NSString+Base64.m */ = {isa = PBXFileReference; fileEncoding = 4; lastKnownFileType = sourcecode.c.objc; path = "NSString+Base64.m"; sourceTree = "<group>"; };
		B6B4132918E16EF70051F54B /* DataModel.h */ = {isa = PBXFileReference; fileEncoding = 4; lastKnownFileType = sourcecode.c.h; path = DataModel.h; sourceTree = "<group>"; };
		B6B4132A18E16EF70051F54B /* DataModel.m */ = {isa = PBXFileReference; fileEncoding = 4; lastKnownFileType = sourcecode.c.objc; path = DataModel.m; sourceTree = "<group>"; };
		B6CB6CF618CEFAD900033F15 /* NoteBook.app */ = {isa = PBXFileReference; explicitFileType = wrapper.application; includeInIndex = 0; path = NoteBook.app; sourceTree = BUILT_PRODUCTS_DIR; };
		B6CB6CF918CEFAD900033F15 /* Foundation.framework */ = {isa = PBXFileReference; lastKnownFileType = wrapper.framework; name = Foundation.framework; path = System/Library/Frameworks/Foundation.framework; sourceTree = SDKROOT; };
		B6CB6CFB18CEFAD900033F15 /* CoreGraphics.framework */ = {isa = PBXFileReference; lastKnownFileType = wrapper.framework; name = CoreGraphics.framework; path = System/Library/Frameworks/CoreGraphics.framework; sourceTree = SDKROOT; };
		B6CB6CFD18CEFAD900033F15 /* UIKit.framework */ = {isa = PBXFileReference; lastKnownFileType = wrapper.framework; name = UIKit.framework; path = System/Library/Frameworks/UIKit.framework; sourceTree = SDKROOT; };
		B6CB6D0118CEFAD900033F15 /* NoteBook-Info.plist */ = {isa = PBXFileReference; lastKnownFileType = text.plist.xml; path = "NoteBook-Info.plist"; sourceTree = "<group>"; };
		B6CB6D0518CEFAD900033F15 /* main.m */ = {isa = PBXFileReference; lastKnownFileType = sourcecode.c.objc; path = main.m; sourceTree = "<group>"; };
		B6CB6D0718CEFAD900033F15 /* NoteBook-Prefix.pch */ = {isa = PBXFileReference; lastKnownFileType = sourcecode.c.h; path = "NoteBook-Prefix.pch"; sourceTree = "<group>"; };
		B6CB6D0818CEFAD900033F15 /* AppDelegate.h */ = {isa = PBXFileReference; lastKnownFileType = sourcecode.c.h; path = AppDelegate.h; sourceTree = "<group>"; };
		B6CB6D0918CEFAD900033F15 /* AppDelegate.m */ = {isa = PBXFileReference; lastKnownFileType = sourcecode.c.objc; path = AppDelegate.m; sourceTree = "<group>"; };
		B6CB6D1118CEFADA00033F15 /* Images.xcassets */ = {isa = PBXFileReference; lastKnownFileType = folder.assetcatalog; path = Images.xcassets; sourceTree = "<group>"; };
		B6CB6D3C18CF06F400033F15 /* DefaultViewController.h */ = {isa = PBXFileReference; fileEncoding = 4; lastKnownFileType = sourcecode.c.h; path = DefaultViewController.h; sourceTree = "<group>"; };
		B6CB6D3D18CF06F400033F15 /* DefaultViewController.m */ = {isa = PBXFileReference; fileEncoding = 4; lastKnownFileType = sourcecode.c.objc; path = DefaultViewController.m; sourceTree = "<group>"; };
		B6CB6D4018CF075100033F15 /* CommomColor.h */ = {isa = PBXFileReference; fileEncoding = 4; lastKnownFileType = sourcecode.c.h; path = CommomColor.h; sourceTree = "<group>"; };
		B6CB6D4118CF075100033F15 /* CommomColor.m */ = {isa = PBXFileReference; fileEncoding = 4; lastKnownFileType = sourcecode.c.objc; path = CommomColor.m; sourceTree = "<group>"; };
		B6EEC3C318E26E0F00D883CE /* ja */ = {isa = PBXFileReference; lastKnownFileType = text.plist.strings; name = ja; path = ja.lproj/InfoPlist.strings; sourceTree = "<group>"; };
		B6EEC3C418E26E0F00D883CE /* ja */ = {isa = PBXFileReference; lastKnownFileType = text.plist.strings; name = ja; path = ja.lproj/Localizable.strings; sourceTree = "<group>"; };
		B6EEC3C518E26E0F00D883CE /* ja */ = {isa = PBXFileReference; lastKnownFileType = file.xib; name = ja; path = ja.lproj/LocalizableViewController.xib; sourceTree = "<group>"; };
		B6EEC3C618E2798300D883CE /* NoteListDetailedViewController.h */ = {isa = PBXFileReference; fileEncoding = 4; lastKnownFileType = sourcecode.c.h; path = NoteListDetailedViewController.h; sourceTree = "<group>"; };
		B6EEC3C718E2798300D883CE /* NoteListDetailedViewController.m */ = {isa = PBXFileReference; fileEncoding = 4; lastKnownFileType = sourcecode.c.objc; path = NoteListDetailedViewController.m; sourceTree = "<group>"; };
		B6F97C7218D026DE00BA9A92 /* AVOHelper.h */ = {isa = PBXFileReference; fileEncoding = 4; lastKnownFileType = sourcecode.c.h; path = AVOHelper.h; sourceTree = "<group>"; };
		B6F97C7318D026DE00BA9A92 /* AVOHelper.m */ = {isa = PBXFileReference; fileEncoding = 4; lastKnownFileType = sourcecode.c.objc; path = AVOHelper.m; sourceTree = "<group>"; };
		B6F97C7618D02A0B00BA9A92 /* CommonTools.h */ = {isa = PBXFileReference; fileEncoding = 4; lastKnownFileType = sourcecode.c.h; path = CommonTools.h; sourceTree = "<group>"; };
		B6F97C7718D02A0B00BA9A92 /* CommonTools.m */ = {isa = PBXFileReference; fileEncoding = 4; lastKnownFileType = sourcecode.c.objc; path = CommonTools.m; sourceTree = "<group>"; };
		B6F97C7918D03D7D00BA9A92 /* NoteListViewCell.h */ = {isa = PBXFileReference; fileEncoding = 4; lastKnownFileType = sourcecode.c.h; path = NoteListViewCell.h; sourceTree = "<group>"; };
		B6F97C7A18D03D7D00BA9A92 /* NoteListViewCell.m */ = {isa = PBXFileReference; fileEncoding = 4; lastKnownFileType = sourcecode.c.objc; path = NoteListViewCell.m; sourceTree = "<group>"; };
		B6F97C7C18D0455600BA9A92 /* ItemModel.h */ = {isa = PBXFileReference; fileEncoding = 4; lastKnownFileType = sourcecode.c.h; path = ItemModel.h; sourceTree = "<group>"; };
		B6F97C7D18D0455600BA9A92 /* ItemModel.m */ = {isa = PBXFileReference; fileEncoding = 4; lastKnownFileType = sourcecode.c.objc; path = ItemModel.m; sourceTree = "<group>"; };
/* End PBXFileReference section */

/* Begin PBXFrameworksBuildPhase section */
		B6CB6CF318CEFAD900033F15 /* Frameworks */ = {
			isa = PBXFrameworksBuildPhase;
			buildActionMask = 2147483647;
			files = (
				B6AC8E1A18D01E50009D88B9 /* CoreTelephony.framework in Frameworks */,
				B6AC8E1818D01E4A009D88B9 /* MobileCoreServices.framework in Frameworks */,
				B6AC8E1618D01E43009D88B9 /* SystemConfiguration.framework in Frameworks */,
				B6CB6CFC18CEFAD900033F15 /* CoreGraphics.framework in Frameworks */,
				B6CB6CFE18CEFAD900033F15 /* UIKit.framework in Frameworks */,
				B6291A7318E5645000B9B09D /* AVOSCloud.framework in Frameworks */,
				B6CB6CFA18CEFAD900033F15 /* Foundation.framework in Frameworks */,
			);
			runOnlyForDeploymentPostprocessing = 0;
		};
/* End PBXFrameworksBuildPhase section */

/* Begin PBXGroup section */
		B60B26A118FBA5300092BDAC /* SWTCell */ = {
			isa = PBXGroup;
			children = (
				B60B26A218FBA5300092BDAC /* NSMutableArray+SWUtilityButtons.h */,
				B60B26A318FBA5300092BDAC /* NSMutableArray+SWUtilityButtons.m */,
				B60B26A418FBA5300092BDAC /* SWCellScrollView.h */,
				B60B26A518FBA5300092BDAC /* SWCellScrollView.m */,
				B60B26A618FBA5300092BDAC /* SWConstants.h */,
				B60B26A718FBA5300092BDAC /* SWLongPressGestureRecognizer.h */,
				B60B26A818FBA5300092BDAC /* SWLongPressGestureRecognizer.m */,
				B60B26A918FBA5300092BDAC /* SWTableViewCell.h */,
				B60B26AA18FBA5300092BDAC /* SWTableViewCell.m */,
				B60B26AB18FBA5300092BDAC /* SWUtilityButtonTapGestureRecognizer.h */,
				B60B26AC18FBA5300092BDAC /* SWUtilityButtonTapGestureRecognizer.m */,
				B60B26AD18FBA5300092BDAC /* SWUtilityButtonView.h */,
				B60B26AE18FBA5300092BDAC /* SWUtilityButtonView.m */,
			);
			path = SWTCell;
			sourceTree = "<group>";
		};
		B6291A6818E553FF00B9B09D /* LXActionSheet */ = {
			isa = PBXGroup;
			children = (
				B6291A6918E553FF00B9B09D /* CommonActionSheet.h */,
				B6291A6A18E553FF00B9B09D /* CommonActionSheet.m */,
				B6291A6B18E553FF00B9B09D /* LXActionSheet.h */,
				B6291A6C18E553FF00B9B09D /* LXActionSheet.m */,
			);
			path = LXActionSheet;
			sourceTree = "<group>";
		};
		B6291A7118E5645000B9B09D /* AVO */ = {
			isa = PBXGroup;
			children = (
				B6291A7218E5645000B9B09D /* AVOSCloud.framework */,
			);
			path = AVO;
			sourceTree = "<group>";
		};
		B6291A7418E5656F00B9B09D /* Menu */ = {
			isa = PBXGroup;
			children = (
				B6291A7518E565A100B9B09D /* MenuViewController.h */,
				B6291A7618E565A100B9B09D /* MenuViewController.m */,
				B6291A7818E914C300B9B09D /* MenuTableViewCell.h */,
				B6291A7918E914C300B9B09D /* MenuTableViewCell.m */,
				B631F14A18ED2E8200B488E0 /* Reminder */,
				B631F14518ED08E600B488E0 /* Feedbacks */,
				B6291A9118E94FD300B9B09D /* SaveVersion */,
				B6291A9018E94FCE00B9B09D /* RevertVersion */,
				B69C179D18FCD36800981016 /* setting */,
			);
			path = Menu;
			sourceTree = "<group>";
		};
		B6291A8B18E93F0000B9B09D /* PopView */ = {
			isa = PBXGroup;
			children = (
				B6291A8C18E93F1300B9B09D /* PopView.h */,
				B6291A8D18E93F1300B9B09D /* PopView.m */,
			);
			path = PopView;
			sourceTree = "<group>";
		};
		B6291A9018E94FCE00B9B09D /* RevertVersion */ = {
			isa = PBXGroup;
			children = (
				B675584818ECF5B40093D6AB /* RevertNoteList */,
				B63FD4DF18EAA2B200A73254 /* RevertVersionViewController.h */,
				B63FD4E018EAA2B200A73254 /* RevertVersionViewController.m */,
				B63FD4E218EAA3D800A73254 /* RevertVersionTableViewCell.h */,
				B63FD4E318EAA3D800A73254 /* RevertVersionTableViewCell.m */,
				B63FD4E418EAA3D800A73254 /* RevertVersionTableViewCell.xib */,
			);
			path = RevertVersion;
			sourceTree = "<group>";
		};
		B6291A9118E94FD300B9B09D /* SaveVersion */ = {
			isa = PBXGroup;
			children = (
				B6291A9218E94FE900B9B09D /* SaveVersionViewController.h */,
				B6291A9318E94FE900B9B09D /* SaveVersionViewController.m */,
				B6291AA218E95BAA00B9B09D /* SaveVersion.xib */,
			);
			path = SaveVersion;
			sourceTree = "<group>";
		};
		B6291A9518E952BA00B9B09D /* MBProgressHUD */ = {
			isa = PBXGroup;
			children = (
				B6291A9618E952BA00B9B09D /* MBProgressHUD.h */,
				B6291A9718E952BA00B9B09D /* MBProgressHUD.m */,
			);
			path = MBProgressHUD;
			sourceTree = "<group>";
		};
		B631F14518ED08E600B488E0 /* Feedbacks */ = {
			isa = PBXGroup;
			children = (
				B631F14618ED08F400B488E0 /* FeedbacksViewController.h */,
				B631F14718ED08F400B488E0 /* FeedbacksViewController.m */,
			);
			path = Feedbacks;
			sourceTree = "<group>";
		};
		B631F14A18ED2E8200B488E0 /* Reminder */ = {
			isa = PBXGroup;
			children = (
				B631F14B18ED2E9100B488E0 /* ReminderViewController.h */,
				B631F14C18ED2E9100B488E0 /* ReminderViewController.m */,
				B67C513E18EE434700121C4C /* ReminderViewCell.h */,
				B67C513F18EE434700121C4C /* ReminderViewCell.m */,
				B60B26B518FBA9C80092BDAC /* ReminderViewCell.xib */,
				B631F14E18ED416000B488E0 /* ReminderDetailedViewController.h */,
				B631F14F18ED416000B488E0 /* ReminderDetailedViewController.m */,
			);
			path = Reminder;
			sourceTree = "<group>";
		};
		B63FD4DB18EA9C7700A73254 /* JsonKit */ = {
			isa = PBXGroup;
			children = (
				B63FD4DC18EA9C7700A73254 /* JSONKit.h */,
				B63FD4DD18EA9C7700A73254 /* JSONKit.m */,
			);
			path = JsonKit;
			sourceTree = "<group>";
		};
		B65CA2B418FE6A1400ECABC8 /* password */ = {
			isa = PBXGroup;
			children = (
				B65CA2B518FE6A1400ECABC8 /* ChangPasswordViewController.h */,
				B65CA2B618FE6A1400ECABC8 /* ChangPasswordViewController.m */,
			);
			path = password;
			sourceTree = "<group>";
		};
		B675584818ECF5B40093D6AB /* RevertNoteList */ = {
			isa = PBXGroup;
			children = (
				B675584918ECF5CB0093D6AB /* RevertNoteListViewController.h */,
				B675584A18ECF5CB0093D6AB /* RevertNoteListViewController.m */,
				B675584C18ECFE260093D6AB /* RevertNoteListDetailedViewController.h */,
				B675584D18ECFE260093D6AB /* RevertNoteListDetailedViewController.m */,
			);
			path = RevertNoteList;
			sourceTree = "<group>";
		};
		B67C514718EE972D00121C4C /* Reminder */ = {
			isa = PBXGroup;
			children = (
				B67C514818EE973C00121C4C /* ReminderHelper.h */,
				B67C514918EE973C00121C4C /* ReminderHelper.m */,
			);
			path = Reminder;
			sourceTree = "<group>";
		};
		B690055718E4042400870905 /* UI */ = {
			isa = PBXGroup;
			children = (
				B690055818E4043D00870905 /* StateButton.h */,
				B690055918E4043D00870905 /* StateButton.m */,
			);
			path = UI;
			sourceTree = "<group>";
		};
		B69C174418FCC7F900981016 /* icon */ = {
			isa = PBXGroup;
			children = (
				B69C174518FCC7F900981016 /* icon.png */,
				B69C174618FCC7F900981016 /* icon120.png */,
				B69C174718FCC7F900981016 /* icon152.png */,
				B69C174818FCC7F900981016 /* icon29.png */,
				B69C174918FCC7F900981016 /* icon40.png */,
				B69C174A18FCC7F900981016 /* icon58.png */,
				B69C174B18FCC7F900981016 /* icon76.png */,
				B69C174C18FCC7F900981016 /* icon80.png */,
			);
			path = icon;
			sourceTree = "<group>";
		};
		B69C174D18FCC7F900981016 /* navigation */ = {
			isa = PBXGroup;
			children = (
				B69C174E18FCC7F900981016 /* back_bkg.png */,
				B69C174F18FCC7F900981016 /* back_bkg@2x.png */,
				B69C175018FCC7F900981016 /* back_bkg_HL.png */,
				B69C175118FCC7F900981016 /* back_bkg_HL@2x.png */,
				B69C175218FCC7F900981016 /* btn_bkg.png */,
				B69C175318FCC7F900981016 /* btn_bkg@2x.png */,
				B69C175418FCC7F900981016 /* btn_bkg_highlighted.png */,
				B69C175518FCC7F900981016 /* btn_bkg_highlighted@2x.png */,
				B69C175618FCC7F900981016 /* delete.png */,
				B69C175718FCC7F900981016 /* delete@2x.png */,
				B69C175818FCC7F900981016 /* navi_back.png */,
				B69C175918FCC7F900981016 /* navi_back@2x.png */,
				B69C175A18FCC7F900981016 /* navi_back_highlighted.png */,
				B69C175B18FCC7F900981016 /* navi_back_highlighted@2x.png */,
				B69C175C18FCC7F900981016 /* red_dot.png */,
				B69C175D18FCC7F900981016 /* red_dot@2x.png */,
				B69C175E18FCC7F900981016 /* right_arrow.png */,
				B69C175F18FCC7F900981016 /* right_arrow@2x.png */,
				B69C176018FCC7F900981016 /* right_arrow_HL.png */,
				B69C176118FCC7F900981016 /* right_arrow_HL@2x.png */,
			);
			path = navigation;
			sourceTree = "<group>";
		};
		B69C176218FCC7F900981016 /* note */ = {
			isa = PBXGroup;
			children = (
				B69C176318FCC7F900981016 /* close.png */,
				B69C176418FCC7F900981016 /* close@2x.png */,
				B69C176518FCC7F900981016 /* close_HL.png */,
				B69C176618FCC7F900981016 /* close_HL@2x.png */,
				B69C176718FCC7F900981016 /* note_cell_bkg.png */,
				B69C176818FCC7F900981016 /* note_cell_bkg@2x.png */,
			);
			path = note;
			sourceTree = "<group>";
		};
		B69C176918FCC7F900981016 /* password */ = {
			isa = PBXGroup;
			children = (
				B69C176A18FCC7F900981016 /* password.png */,
				B69C176B18FCC7F900981016 /* password@2x.png */,
				B69C176C18FCC7F900981016 /* password_highlighted.png */,
				B69C176D18FCC7F900981016 /* password_highlighted@2x.png */,
			);
			path = password;
			sourceTree = "<group>";
		};
		B69C176E18FCC7F900981016 /* version */ = {
			isa = PBXGroup;
			children = (
				B69C176F18FCC7F900981016 /* version_btn_bkg.png */,
				B69C177018FCC7F900981016 /* version_btn_bkg@2x.png */,
				B69C177118FCC7F900981016 /* version_btn_bkg_HL.png */,
				B69C177218FCC7F900981016 /* version_btn_bkg_HL@2x.png */,
			);
			path = version;
			sourceTree = "<group>";
		};
		B69C179D18FCD36800981016 /* setting */ = {
			isa = PBXGroup;
			children = (
				B69C179E18FCD37B00981016 /* SettingViewController.h */,
				B69C179F18FCD37B00981016 /* SettingViewController.m */,
				B69C17A118FCD48000981016 /* SettingPasswordCell.h */,
				B69C17A218FCD48000981016 /* SettingPasswordCell.m */,
				B69C17A318FCD48000981016 /* SettingPasswordCell.xib */,
				B65CA2B418FE6A1400ECABC8 /* password */,
				B69C17B218FD02CA00981016 /* fontSize */,
			);
			path = setting;
			sourceTree = "<group>";
		};
		B69C17AE18FCD4F500981016 /* settingHelper */ = {
			isa = PBXGroup;
			children = (
				B69C17AF18FCD52900981016 /* SettingHelper.h */,
				B69C17B018FCD52900981016 /* SettingHelper.m */,
			);
			path = settingHelper;
			sourceTree = "<group>";
		};
		B69C17B218FD02CA00981016 /* fontSize */ = {
			isa = PBXGroup;
			children = (
				B69C17B318FD02EE00981016 /* SettingFontSizeViewController.h */,
				B69C17B418FD02EE00981016 /* SettingFontSizeViewController.m */,
				B69C17B618FD063800981016 /* SettingFontSizeDetailCell.h */,
				B69C17B718FD063800981016 /* SettingFontSizeDetailCell.m */,
				B69C17B818FD063800981016 /* SettingFontSizeDetailCell.xib */,
			);
			path = fontSize;
			sourceTree = "<group>";
		};
		B69C17BB18FD09EC00981016 /* setting */ = {
			isa = PBXGroup;
			children = (
				B69C17C218FD09EC00981016 /* tick.png */,
				B69C17C318FD09EC00981016 /* tick@2x.png */,
			);
			path = setting;
			sourceTree = "<group>";
		};
		B6AC8DC518CFF636009D88B9 /* DraggableCollectionView */ = {
			isa = PBXGroup;
			children = (
				B6AC8DC618CFF636009D88B9 /* Helpers */,
				B6AC8DCB18CFF636009D88B9 /* Layout */,
				B6AC8DCE18CFF636009D88B9 /* UICollectionView+Draggable.h */,
				B6AC8DCF18CFF636009D88B9 /* UICollectionView+Draggable.m */,
				B6AC8DD018CFF636009D88B9 /* UICollectionViewDataSource_Draggable.h */,
				B6AC8DD118CFF636009D88B9 /* UICollectionViewLayout_Warpable.h */,
			);
			path = DraggableCollectionView;
			sourceTree = "<group>";
		};
		B6AC8DC618CFF636009D88B9 /* Helpers */ = {
			isa = PBXGroup;
			children = (
				B6AC8DC718CFF636009D88B9 /* LSCollectionViewHelper.h */,
				B6AC8DC818CFF636009D88B9 /* LSCollectionViewHelper.m */,
				B6AC8DC918CFF636009D88B9 /* LSCollectionViewLayoutHelper.h */,
				B6AC8DCA18CFF636009D88B9 /* LSCollectionViewLayoutHelper.m */,
			);
			path = Helpers;
			sourceTree = "<group>";
		};
		B6AC8DCB18CFF636009D88B9 /* Layout */ = {
			isa = PBXGroup;
			children = (
				B6AC8DCC18CFF636009D88B9 /* DraggableCollectionViewFlowLayout.h */,
				B6AC8DCD18CFF636009D88B9 /* DraggableCollectionViewFlowLayout.m */,
			);
			path = Layout;
			sourceTree = "<group>";
		};
		B6AC8DDA18CFF707009D88B9 /* NoteListView */ = {
			isa = PBXGroup;
			children = (
				B6AC8DDB18CFF707009D88B9 /* NoteListViewController.h */,
				B6AC8DDC18CFF707009D88B9 /* NoteListViewController.m */,
				B6F97C7918D03D7D00BA9A92 /* NoteListViewCell.h */,
				B6F97C7A18D03D7D00BA9A92 /* NoteListViewCell.m */,
				B690056218E41E7D00870905 /* NoteListNewCell.h */,
				B690056318E41E7D00870905 /* NoteListNewCell.m */,
				B6EEC3C618E2798300D883CE /* NoteListDetailedViewController.h */,
				B6EEC3C718E2798300D883CE /* NoteListDetailedViewController.m */,
			);
			path = NoteListView;
			sourceTree = "<group>";
		};
		B6AC8DF518CFF9AD009D88B9 /* language */ = {
			isa = PBXGroup;
			children = (
				B6AC8DF618CFF9AD009D88B9 /* InfoPlist.strings */,
				B6AC8DF818CFF9AD009D88B9 /* Localizable.strings */,
				B6AC8DFA18CFF9AD009D88B9 /* LocalizableViewController.xib */,
			);
			path = language;
			sourceTree = "<group>";
		};
		B6AC8E0218D01B91009D88B9 /* mjpasswordview */ = {
			isa = PBXGroup;
			children = (
				B6AC8E0318D01B91009D88B9 /* MJCircleLayer.h */,
				B6AC8E0418D01B91009D88B9 /* MJCircleLayer.m */,
				B6AC8E0518D01B91009D88B9 /* MJPasswordView.h */,
				B6AC8E0618D01B91009D88B9 /* MJPasswordView.m */,
				B6AC8E0718D01B91009D88B9 /* MJPathLayer.h */,
				B6AC8E0818D01B91009D88B9 /* MJPathLayer.m */,
			);
			path = mjpasswordview;
			sourceTree = "<group>";
		};
		B6AC8E1B18D02063009D88B9 /* udid */ = {
			isa = PBXGroup;
			children = (
				B6AC8E1C18D02063009D88B9 /* OpenUDID.h */,
				B6AC8E1D18D02063009D88B9 /* OpenUDID.m */,
			);
			path = udid;
			sourceTree = "<group>";
		};
		B6B4130E18E15D720051F54B /* PasswordView */ = {
			isa = PBXGroup;
			children = (
				B6B4130F18E15E120051F54B /* PasswordViewController.h */,
				B6B4131018E15E120051F54B /* PasswordViewController.m */,
				B6B4131918E169DA0051F54B /* PasswordHelper.h */,
				B6B4131A18E169DA0051F54B /* PasswordHelper.m */,
			);
			path = PasswordView;
			sourceTree = "<group>";
		};
		B6B4131C18E16A020051F54B /* AES */ = {
			isa = PBXGroup;
			children = (
				B6B4131D18E16A020051F54B /* AESCrypt.h */,
				B6B4131E18E16A020051F54B /* AESCrypt.m */,
				B6B4131F18E16A020051F54B /* NSData+Base64.h */,
				B6B4132018E16A020051F54B /* NSData+Base64.m */,
				B6B4132118E16A020051F54B /* NSData+CommonCrypto.h */,
				B6B4132218E16A020051F54B /* NSData+CommonCrypto.m */,
				B6B4132318E16A020051F54B /* NSString+Base64.h */,
				B6B4132418E16A020051F54B /* NSString+Base64.m */,
			);
			path = AES;
			sourceTree = "<group>";
		};
		B6CB6CED18CEFAD900033F15 = {
			isa = PBXGroup;
			children = (
				B6CB6CFF18CEFAD900033F15 /* NoteBook */,
				B6CB6CF818CEFAD900033F15 /* Frameworks */,
				B6CB6CF718CEFAD900033F15 /* Products */,
			);
			sourceTree = "<group>";
		};
		B6CB6CF718CEFAD900033F15 /* Products */ = {
			isa = PBXGroup;
			children = (
				B6CB6CF618CEFAD900033F15 /* NoteBook.app */,
			);
			name = Products;
			sourceTree = "<group>";
		};
		B6CB6CF818CEFAD900033F15 /* Frameworks */ = {
			isa = PBXGroup;
			children = (
				B6AC8E1918D01E50009D88B9 /* CoreTelephony.framework */,
				B6AC8E1718D01E4A009D88B9 /* MobileCoreServices.framework */,
				B6AC8E1518D01E43009D88B9 /* SystemConfiguration.framework */,
				B6CB6CF918CEFAD900033F15 /* Foundation.framework */,
				B6CB6CFB18CEFAD900033F15 /* CoreGraphics.framework */,
				B6CB6CFD18CEFAD900033F15 /* UIKit.framework */,
			);
			name = Frameworks;
			sourceTree = "<group>";
		};
		B6CB6CFF18CEFAD900033F15 /* NoteBook */ = {
			isa = PBXGroup;
			children = (
				B6CB6D2E18CEFB7000033F15 /* Sylar */,
				B6CB6D0818CEFAD900033F15 /* AppDelegate.h */,
				B6CB6D0918CEFAD900033F15 /* AppDelegate.m */,
				B6CB6D1118CEFADA00033F15 /* Images.xcassets */,
				B6CB6D0018CEFAD900033F15 /* Supporting Files */,
			);
			path = NoteBook;
			sourceTree = "<group>";
		};
		B6CB6D0018CEFAD900033F15 /* Supporting Files */ = {
			isa = PBXGroup;
			children = (
				B6D043FC18D2F35500424389 /* Resource */,
				B6AC8DF518CFF9AD009D88B9 /* language */,
				B6CB6D0118CEFAD900033F15 /* NoteBook-Info.plist */,
				B6CB6D0518CEFAD900033F15 /* main.m */,
				B6CB6D0718CEFAD900033F15 /* NoteBook-Prefix.pch */,
			);
			name = "Supporting Files";
			sourceTree = "<group>";
		};
		B6CB6D2E18CEFB7000033F15 /* Sylar */ = {
			isa = PBXGroup;
			children = (
				B6CB6D2F18CEFB7000033F15 /* General */,
				B6CB6D3018CEFB7000033F15 /* Helper */,
				B6CB6D3118CEFB7000033F15 /* Macro */,
				B6CB6D3218CEFB7000033F15 /* Model */,
				B6CB6D3318CEFB7000033F15 /* Section */,
				B6CB6D3418CEFB7000033F15 /* Vendor */,
			);
			path = Sylar;
			sourceTree = "<group>";
		};
		B6CB6D2F18CEFB7000033F15 /* General */ = {
			isa = PBXGroup;
			children = (
				B6CB6D3B18CF06E700033F15 /* DefaultViewController */,
			);
			path = General;
			sourceTree = "<group>";
		};
		B6CB6D3018CEFB7000033F15 /* Helper */ = {
			isa = PBXGroup;
			children = (
				B69C17AE18FCD4F500981016 /* settingHelper */,
				B67C514718EE972D00121C4C /* Reminder */,
				B6291A8B18E93F0000B9B09D /* PopView */,
				B690055718E4042400870905 /* UI */,
				B6F97C7518D029FC00BA9A92 /* CommomTools */,
				B6F97C7118D026A600BA9A92 /* AVONetWork */,
				B6CB6D3F18CF073300033F15 /* color */,
			);
			path = Helper;
			sourceTree = "<group>";
		};
		B6CB6D3118CEFB7000033F15 /* Macro */ = {
			isa = PBXGroup;
			children = (
				B6AC8E1218D01DAB009D88B9 /* CommonDefines.h */,
				B6AC8E1F18D0214A009D88B9 /* AVODefines.h */,
			);
			path = Macro;
			sourceTree = "<group>";
		};
		B6CB6D3218CEFB7000033F15 /* Model */ = {
			isa = PBXGroup;
			children = (
				B6B4132918E16EF70051F54B /* DataModel.h */,
				B6B4132A18E16EF70051F54B /* DataModel.m */,
				B6F97C7C18D0455600BA9A92 /* ItemModel.h */,
				B6F97C7D18D0455600BA9A92 /* ItemModel.m */,
				B63FD4C418EA552D00A73254 /* LocalVersion.h */,
				B63FD4C518EA552D00A73254 /* LocalVersion.m */,
			);
			path = Model;
			sourceTree = "<group>";
		};
		B6CB6D3318CEFB7000033F15 /* Section */ = {
			isa = PBXGroup;
			children = (
				B6291A7418E5656F00B9B09D /* Menu */,
				B6B4130E18E15D720051F54B /* PasswordView */,
				B6AC8DDA18CFF707009D88B9 /* NoteListView */,
			);
			path = Section;
			sourceTree = "<group>";
		};
		B6CB6D3418CEFB7000033F15 /* Vendor */ = {
			isa = PBXGroup;
			children = (
				B60B26A118FBA5300092BDAC /* SWTCell */,
				B63FD4DB18EA9C7700A73254 /* JsonKit */,
				B6291A9518E952BA00B9B09D /* MBProgressHUD */,
				B6291A7118E5645000B9B09D /* AVO */,
				B6291A6818E553FF00B9B09D /* LXActionSheet */,
				B6B4131C18E16A020051F54B /* AES */,
				B6AC8E1B18D02063009D88B9 /* udid */,
				B6AC8E0218D01B91009D88B9 /* mjpasswordview */,
				B6AC8DC518CFF636009D88B9 /* DraggableCollectionView */,
			);
			path = Vendor;
			sourceTree = "<group>";
		};
		B6CB6D3B18CF06E700033F15 /* DefaultViewController */ = {
			isa = PBXGroup;
			children = (
				B6CB6D3C18CF06F400033F15 /* DefaultViewController.h */,
				B6CB6D3D18CF06F400033F15 /* DefaultViewController.m */,
			);
			path = DefaultViewController;
			sourceTree = "<group>";
		};
		B6CB6D3F18CF073300033F15 /* color */ = {
			isa = PBXGroup;
			children = (
				B6CB6D4018CF075100033F15 /* CommomColor.h */,
				B6CB6D4118CF075100033F15 /* CommomColor.m */,
			);
			path = color;
			sourceTree = "<group>";
		};
		B6D043FC18D2F35500424389 /* Resource */ = {
			isa = PBXGroup;
			children = (
				B69C17BB18FD09EC00981016 /* setting */,
				B69C174418FCC7F900981016 /* icon */,
				B69C174D18FCC7F900981016 /* navigation */,
				B69C176218FCC7F900981016 /* note */,
				B69C176918FCC7F900981016 /* password */,
				B69C176E18FCC7F900981016 /* version */,
			);
			path = Resource;
			sourceTree = "<group>";
		};
		B6F97C7118D026A600BA9A92 /* AVONetWork */ = {
			isa = PBXGroup;
			children = (
				B6F97C7218D026DE00BA9A92 /* AVOHelper.h */,
				B6F97C7318D026DE00BA9A92 /* AVOHelper.m */,
			);
			path = AVONetWork;
			sourceTree = "<group>";
		};
		B6F97C7518D029FC00BA9A92 /* CommomTools */ = {
			isa = PBXGroup;
			children = (
				B6F97C7618D02A0B00BA9A92 /* CommonTools.h */,
				B6F97C7718D02A0B00BA9A92 /* CommonTools.m */,
			);
			path = CommomTools;
			sourceTree = "<group>";
		};
/* End PBXGroup section */

/* Begin PBXNativeTarget section */
		B6CB6CF518CEFAD900033F15 /* NoteBook */ = {
			isa = PBXNativeTarget;
			buildConfigurationList = B6CB6D2818CEFADA00033F15 /* Build configuration list for PBXNativeTarget "NoteBook" */;
			buildPhases = (
				B6CB6CF218CEFAD900033F15 /* Sources */,
				B6CB6CF318CEFAD900033F15 /* Frameworks */,
				B6CB6CF418CEFAD900033F15 /* Resources */,
			);
			buildRules = (
			);
			dependencies = (
			);
			name = NoteBook;
			productName = NoteBook;
			productReference = B6CB6CF618CEFAD900033F15 /* NoteBook.app */;
			productType = "com.apple.product-type.application";
		};
/* End PBXNativeTarget section */

/* Begin PBXProject section */
		B6CB6CEE18CEFAD900033F15 /* Project object */ = {
			isa = PBXProject;
			attributes = {
				LastUpgradeCheck = 0500;
				ORGANIZATIONNAME = Sylar;
			};
			buildConfigurationList = B6CB6CF118CEFAD900033F15 /* Build configuration list for PBXProject "NoteBook" */;
			compatibilityVersion = "Xcode 3.2";
			developmentRegion = English;
			hasScannedForEncodings = 0;
			knownRegions = (
				en,
				Base,
				"zh-Hans",
				ja,
			);
			mainGroup = B6CB6CED18CEFAD900033F15;
			productRefGroup = B6CB6CF718CEFAD900033F15 /* Products */;
			projectDirPath = "";
			projectRoot = "";
			targets = (
				B6CB6CF518CEFAD900033F15 /* NoteBook */,
			);
		};
/* End PBXProject section */

/* Begin PBXResourcesBuildPhase section */
		B6CB6CF418CEFAD900033F15 /* Resources */ = {
			isa = PBXResourcesBuildPhase;
			buildActionMask = 2147483647;
			files = (
				B69C179518FCC7F900981016 /* password.png in Resources */,
				B69C178318FCC7F900981016 /* delete.png in Resources */,
				B69C179A18FCC7F900981016 /* version_btn_bkg@2x.png in Resources */,
				B69C178418FCC7F900981016 /* delete@2x.png in Resources */,
				B69C179418FCC7F900981016 /* note_cell_bkg@2x.png in Resources */,
				B69C17CA18FD09EC00981016 /* tick.png in Resources */,
				B6CB6D1218CEFADA00033F15 /* Images.xcassets in Resources */,
				B6291AA318E95BAA00B9B09D /* SaveVersion.xib in Resources */,
				B69C179218FCC7F900981016 /* close_HL@2x.png in Resources */,
				B69C179B18FCC7F900981016 /* version_btn_bkg_HL.png in Resources */,
				B69C177818FCC7F900981016 /* icon58.png in Resources */,
				B69C178C18FCC7F900981016 /* right_arrow@2x.png in Resources */,
				B69C177B18FCC7F900981016 /* back_bkg.png in Resources */,
				B63FD4E618EAA3D800A73254 /* RevertVersionTableViewCell.xib in Resources */,
				B69C177518FCC7F900981016 /* icon152.png in Resources */,
				B69C179C18FCC7F900981016 /* version_btn_bkg_HL@2x.png in Resources */,
				B6AC8E0018CFF9AD009D88B9 /* Localizable.strings in Resources */,
				B69C179818FCC7F900981016 /* password_highlighted@2x.png in Resources */,
				B69C178818FCC7F900981016 /* navi_back_highlighted@2x.png in Resources */,
				B69C178B18FCC7F900981016 /* right_arrow.png in Resources */,
				B69C177318FCC7F900981016 /* icon.png in Resources */,
				B69C178A18FCC7F900981016 /* red_dot@2x.png in Resources */,
				B69C178D18FCC7F900981016 /* right_arrow_HL.png in Resources */,
				B69C179718FCC7F900981016 /* password_highlighted.png in Resources */,
				B69C178718FCC7F900981016 /* navi_back_highlighted.png in Resources */,
				B69C179018FCC7F900981016 /* close@2x.png in Resources */,
				B6AC8DFF18CFF9AD009D88B9 /* InfoPlist.strings in Resources */,
				B69C177D18FCC7F900981016 /* back_bkg_HL.png in Resources */,
				B69C179318FCC7F900981016 /* note_cell_bkg.png in Resources */,
				B69C178F18FCC7F900981016 /* close.png in Resources */,
				B6AC8E0118CFF9AD009D88B9 /* LocalizableViewController.xib in Resources */,
				B69C178018FCC7F900981016 /* btn_bkg@2x.png in Resources */,
				B60B26B618FBA9C80092BDAC /* ReminderViewCell.xib in Resources */,
				B69C177E18FCC7F900981016 /* back_bkg_HL@2x.png in Resources */,
				B69C177618FCC7F900981016 /* icon29.png in Resources */,
				B69C177C18FCC7F900981016 /* back_bkg@2x.png in Resources */,
				B69C177718FCC7F900981016 /* icon40.png in Resources */,
				B69C177418FCC7F900981016 /* icon120.png in Resources */,
				B69C179918FCC7F900981016 /* version_btn_bkg.png in Resources */,
				B69C179118FCC7F900981016 /* close_HL.png in Resources */,
				B69C17A518FCD48000981016 /* SettingPasswordCell.xib in Resources */,
				B69C178518FCC7F900981016 /* navi_back.png in Resources */,
				B69C178618FCC7F900981016 /* navi_back@2x.png in Resources */,
				B69C179618FCC7F900981016 /* password@2x.png in Resources */,
				B69C178E18FCC7F900981016 /* right_arrow_HL@2x.png in Resources */,
				B69C177F18FCC7F900981016 /* btn_bkg.png in Resources */,
				B69C17BA18FD063800981016 /* SettingFontSizeDetailCell.xib in Resources */,
				B69C177918FCC7F900981016 /* icon76.png in Resources */,
				B69C177A18FCC7F900981016 /* icon80.png in Resources */,
				B69C178918FCC7F900981016 /* red_dot.png in Resources */,
				B69C178118FCC7F900981016 /* btn_bkg_highlighted.png in Resources */,
				B69C178218FCC7F900981016 /* btn_bkg_highlighted@2x.png in Resources */,
				B69C17CB18FD09EC00981016 /* tick@2x.png in Resources */,
			);
			runOnlyForDeploymentPostprocessing = 0;
		};
/* End PBXResourcesBuildPhase section */

/* Begin PBXSourcesBuildPhase section */
		B6CB6CF218CEFAD900033F15 /* Sources */ = {
			isa = PBXSourcesBuildPhase;
			buildActionMask = 2147483647;
			files = (
				B6AC8E0918D01B91009D88B9 /* MJCircleLayer.m in Sources */,
				B6AC8DD518CFF636009D88B9 /* UICollectionView+Draggable.m in Sources */,
				B6B4132718E16A020051F54B /* NSData+CommonCrypto.m in Sources */,
				B6AC8E0A18D01B91009D88B9 /* MJPasswordView.m in Sources */,
				B6CB6D4218CF075100033F15 /* CommomColor.m in Sources */,
				B6291A9418E94FE900B9B09D /* SaveVersionViewController.m in Sources */,
				B6291A7A18E914C300B9B09D /* MenuTableViewCell.m in Sources */,
				B6F97C7818D02A0B00BA9A92 /* CommonTools.m in Sources */,
				B6CB6D0A18CEFAD900033F15 /* AppDelegate.m in Sources */,
				B690056418E41E7D00870905 /* NoteListNewCell.m in Sources */,
				B63FD4C618EA552D00A73254 /* LocalVersion.m in Sources */,
				B69C17A018FCD37B00981016 /* SettingViewController.m in Sources */,
				B6AC8DDD18CFF707009D88B9 /* NoteListViewController.m in Sources */,
				B69C17B918FD063800981016 /* SettingFontSizeDetailCell.m in Sources */,
				B6AC8E1E18D02063009D88B9 /* OpenUDID.m in Sources */,
				B6B4132818E16A020051F54B /* NSString+Base64.m in Sources */,
				B6B4131B18E169DA0051F54B /* PasswordHelper.m in Sources */,
				B631F14D18ED2E9100B488E0 /* ReminderViewController.m in Sources */,
				B69C17B518FD02EE00981016 /* SettingFontSizeViewController.m in Sources */,
				B67C514118EE434700121C4C /* ReminderViewCell.m in Sources */,
				B63FD4DE18EA9C7700A73254 /* JSONKit.m in Sources */,
				B675584B18ECF5CB0093D6AB /* RevertNoteListViewController.m in Sources */,
				B6CB6D3E18CF06F400033F15 /* DefaultViewController.m in Sources */,
				B6F97C7418D026DE00BA9A92 /* AVOHelper.m in Sources */,
				B60B26B418FBA5300092BDAC /* SWUtilityButtonView.m in Sources */,
				B60B26B218FBA5300092BDAC /* SWTableViewCell.m in Sources */,
				B6EEC3C818E2798300D883CE /* NoteListDetailedViewController.m in Sources */,
				B6F97C7B18D03D7D00BA9A92 /* NoteListViewCell.m in Sources */,
				B690055A18E4043D00870905 /* StateButton.m in Sources */,
				B6B4132518E16A020051F54B /* AESCrypt.m in Sources */,
				B675584E18ECFE260093D6AB /* RevertNoteListDetailedViewController.m in Sources */,
				B631F14818ED08F400B488E0 /* FeedbacksViewController.m in Sources */,
				B6AC8DD318CFF636009D88B9 /* LSCollectionViewLayoutHelper.m in Sources */,
				B6291A7718E565A100B9B09D /* MenuViewController.m in Sources */,
				B6291A8E18E93F1300B9B09D /* PopView.m in Sources */,
				B6AC8DD418CFF636009D88B9 /* DraggableCollectionViewFlowLayout.m in Sources */,
				B6B4132B18E16EF70051F54B /* DataModel.m in Sources */,
				B6291A6D18E553FF00B9B09D /* CommonActionSheet.m in Sources */,
				B60B26B018FBA5300092BDAC /* SWCellScrollView.m in Sources */,
				B65CA2B718FE6A1400ECABC8 /* ChangPasswordViewController.m in Sources */,
				B6291A6E18E553FF00B9B09D /* LXActionSheet.m in Sources */,
				B6AC8E0B18D01B91009D88B9 /* MJPathLayer.m in Sources */,
				B63FD4E518EAA3D800A73254 /* RevertVersionTableViewCell.m in Sources */,
				B6F97C7E18D0455600BA9A92 /* ItemModel.m in Sources */,
				B6291A9818E952BA00B9B09D /* MBProgressHUD.m in Sources */,
				B60B26AF18FBA5300092BDAC /* NSMutableArray+SWUtilityButtons.m in Sources */,
				B6B4132618E16A020051F54B /* NSData+Base64.m in Sources */,
				B63FD4E118EAA2B200A73254 /* RevertVersionViewController.m in Sources */,
				B60B26B118FBA5300092BDAC /* SWLongPressGestureRecognizer.m in Sources */,
				B69C17B118FCD52900981016 /* SettingHelper.m in Sources */,
				B69C17A418FCD48000981016 /* SettingPasswordCell.m in Sources */,
				B67C514A18EE973C00121C4C /* ReminderHelper.m in Sources */,
				B631F15018ED416000B488E0 /* ReminderDetailedViewController.m in Sources */,
				B6CB6D0618CEFAD900033F15 /* main.m in Sources */,
				B6AC8DD218CFF636009D88B9 /* LSCollectionViewHelper.m in Sources */,
				B60B26B318FBA5300092BDAC /* SWUtilityButtonTapGestureRecognizer.m in Sources */,
				B6B4131118E15E120051F54B /* PasswordViewController.m in Sources */,
			);
			runOnlyForDeploymentPostprocessing = 0;
		};
/* End PBXSourcesBuildPhase section */

/* Begin PBXVariantGroup section */
		B6AC8DF618CFF9AD009D88B9 /* InfoPlist.strings */ = {
			isa = PBXVariantGroup;
			children = (
				B6AC8DF718CFF9AD009D88B9 /* en */,
				B6AC8DFC18CFF9AD009D88B9 /* zh-Hans */,
				B6EEC3C318E26E0F00D883CE /* ja */,
			);
			name = InfoPlist.strings;
			sourceTree = "<group>";
		};
		B6AC8DF818CFF9AD009D88B9 /* Localizable.strings */ = {
			isa = PBXVariantGroup;
			children = (
				B6AC8DF918CFF9AD009D88B9 /* en */,
				B6AC8DFD18CFF9AD009D88B9 /* zh-Hans */,
				B6EEC3C418E26E0F00D883CE /* ja */,
			);
			name = Localizable.strings;
			sourceTree = "<group>";
		};
		B6AC8DFA18CFF9AD009D88B9 /* LocalizableViewController.xib */ = {
			isa = PBXVariantGroup;
			children = (
				B6AC8DFB18CFF9AD009D88B9 /* en */,
				B6AC8DFE18CFF9AD009D88B9 /* zh-Hans */,
				B6EEC3C518E26E0F00D883CE /* ja */,
			);
			name = LocalizableViewController.xib;
			sourceTree = "<group>";
		};
/* End PBXVariantGroup section */

/* Begin XCBuildConfiguration section */
		B6CB6D2618CEFADA00033F15 /* Debug */ = {
			isa = XCBuildConfiguration;
			buildSettings = {
				ALWAYS_SEARCH_USER_PATHS = NO;
				ARCHS = "$(ARCHS_STANDARD)";
				CLANG_CXX_LANGUAGE_STANDARD = "gnu++0x";
				CLANG_CXX_LIBRARY = "libc++";
				CLANG_ENABLE_MODULES = YES;
				CLANG_ENABLE_OBJC_ARC = YES;
				CLANG_WARN_BOOL_CONVERSION = YES;
				CLANG_WARN_CONSTANT_CONVERSION = YES;
				CLANG_WARN_DIRECT_OBJC_ISA_USAGE = YES_ERROR;
				CLANG_WARN_EMPTY_BODY = YES;
				CLANG_WARN_ENUM_CONVERSION = YES;
				CLANG_WARN_INT_CONVERSION = YES;
				CLANG_WARN_OBJC_ROOT_CLASS = YES_ERROR;
				CLANG_WARN__DUPLICATE_METHOD_MATCH = YES;
				CODE_SIGN_IDENTITY = "iPhone Developer: Derek Lu (HQD7YZRASD)";
				"CODE_SIGN_IDENTITY[sdk=iphoneos*]" = "iPhone Developer: Derek Lu (HQD7YZRASD)";
				COPY_PHASE_STRIP = NO;
				GCC_C_LANGUAGE_STANDARD = gnu99;
				GCC_DYNAMIC_NO_PIC = NO;
				GCC_OPTIMIZATION_LEVEL = 0;
				GCC_PREPROCESSOR_DEFINITIONS = (
					"DEBUG=1",
					"$(inherited)",
				);
				GCC_SYMBOLS_PRIVATE_EXTERN = NO;
				GCC_WARN_64_TO_32_BIT_CONVERSION = YES;
				GCC_WARN_ABOUT_RETURN_TYPE = YES_ERROR;
				GCC_WARN_UNDECLARED_SELECTOR = YES;
				GCC_WARN_UNINITIALIZED_AUTOS = YES;
				GCC_WARN_UNUSED_FUNCTION = YES;
				GCC_WARN_UNUSED_VARIABLE = YES;
				IPHONEOS_DEPLOYMENT_TARGET = 7.0;
				ONLY_ACTIVE_ARCH = YES;
				SDKROOT = iphoneos;
			};
			name = Debug;
		};
		B6CB6D2718CEFADA00033F15 /* Release */ = {
			isa = XCBuildConfiguration;
			buildSettings = {
				ALWAYS_SEARCH_USER_PATHS = NO;
				ARCHS = "$(ARCHS_STANDARD)";
				CLANG_CXX_LANGUAGE_STANDARD = "gnu++0x";
				CLANG_CXX_LIBRARY = "libc++";
				CLANG_ENABLE_MODULES = YES;
				CLANG_ENABLE_OBJC_ARC = YES;
				CLANG_WARN_BOOL_CONVERSION = YES;
				CLANG_WARN_CONSTANT_CONVERSION = YES;
				CLANG_WARN_DIRECT_OBJC_ISA_USAGE = YES_ERROR;
				CLANG_WARN_EMPTY_BODY = YES;
				CLANG_WARN_ENUM_CONVERSION = YES;
				CLANG_WARN_INT_CONVERSION = YES;
				CLANG_WARN_OBJC_ROOT_CLASS = YES_ERROR;
				CLANG_WARN__DUPLICATE_METHOD_MATCH = YES;
				CODE_SIGN_IDENTITY = "iPhone Developer: Derek Lu (HQD7YZRASD)";
				"CODE_SIGN_IDENTITY[sdk=iphoneos*]" = "iPhone Developer: Derek Lu (HQD7YZRASD)";
				COPY_PHASE_STRIP = YES;
				ENABLE_NS_ASSERTIONS = NO;
				GCC_C_LANGUAGE_STANDARD = gnu99;
				GCC_WARN_64_TO_32_BIT_CONVERSION = YES;
				GCC_WARN_ABOUT_RETURN_TYPE = YES_ERROR;
				GCC_WARN_UNDECLARED_SELECTOR = YES;
				GCC_WARN_UNINITIALIZED_AUTOS = YES;
				GCC_WARN_UNUSED_FUNCTION = YES;
				GCC_WARN_UNUSED_VARIABLE = YES;
				IPHONEOS_DEPLOYMENT_TARGET = 7.0;
				SDKROOT = iphoneos;
				VALIDATE_PRODUCT = YES;
			};
			name = Release;
		};
		B6CB6D2918CEFADA00033F15 /* Debug */ = {
			isa = XCBuildConfiguration;
			buildSettings = {
				ASSETCATALOG_COMPILER_LAUNCHIMAGE_NAME = LaunchImage;
				CODE_SIGN_IDENTITY = "iPhone Developer: Derek Lu (HQD7YZRASD)";
				FRAMEWORK_SEARCH_PATHS = (
					"$(inherited)",
					"$(PROJECT_DIR)/NoteBook/Sylar/Vendor/AVO",
				);
				GCC_PRECOMPILE_PREFIX_HEADER = YES;
				GCC_PREFIX_HEADER = "NoteBook/NoteBook-Prefix.pch";
				INFOPLIST_FILE = "NoteBook/NoteBook-Info.plist";
				PRODUCT_NAME = "$(TARGET_NAME)";
				WRAPPER_EXTENSION = app;
			};
			name = Debug;
		};
		B6CB6D2A18CEFADA00033F15 /* Release */ = {
			isa = XCBuildConfiguration;
			buildSettings = {
				ASSETCATALOG_COMPILER_LAUNCHIMAGE_NAME = LaunchImage;
				CODE_SIGN_IDENTITY = "iPhone Developer: Derek Lu (HQD7YZRASD)";
				FRAMEWORK_SEARCH_PATHS = (
					"$(inherited)",
					"$(PROJECT_DIR)/NoteBook/Sylar/Vendor/AVO",
				);
				GCC_PRECOMPILE_PREFIX_HEADER = YES;
				GCC_PREFIX_HEADER = "NoteBook/NoteBook-Prefix.pch";
				INFOPLIST_FILE = "NoteBook/NoteBook-Info.plist";
				PRODUCT_NAME = "$(TARGET_NAME)";
				WRAPPER_EXTENSION = app;
			};
			name = Release;
		};
/* End XCBuildConfiguration section */

/* Begin XCConfigurationList section */
		B6CB6CF118CEFAD900033F15 /* Build configuration list for PBXProject "NoteBook" */ = {
			isa = XCConfigurationList;
			buildConfigurations = (
				B6CB6D2618CEFADA00033F15 /* Debug */,
				B6CB6D2718CEFADA00033F15 /* Release */,
			);
			defaultConfigurationIsVisible = 0;
			defaultConfigurationName = Release;
		};
		B6CB6D2818CEFADA00033F15 /* Build configuration list for PBXNativeTarget "NoteBook" */ = {
			isa = XCConfigurationList;
			buildConfigurations = (
				B6CB6D2918CEFADA00033F15 /* Debug */,
				B6CB6D2A18CEFADA00033F15 /* Release */,
			);
			defaultConfigurationIsVisible = 0;
			defaultConfigurationName = Release;
		};
/* End XCConfigurationList section */
	};
	rootObject = B6CB6CEE18CEFAD900033F15 /* Project object */;
}
